
Microsoft Visual Studio Solution File, Format Version 12.00
# Visual Studio 2013
VisualStudioVersion = 12.0.31101.0
MinimumVisualStudioVersion = 10.0.40219.1
Project("{FAE04EC0-301F-11D3-BF4B-00C04F79EFBC}") = "Support", "Support\Support.csproj", "{25AB6BBF-A879-4570-9E0E-947D52AE7333}"
EndProject
Project("{2150E333-8FDC-42A3-9474-1A3956D46DE8}") = "Files", "Files", "{8BE2B02F-E29C-4E9A-93FD-C8EEED874C90}"
	ProjectSection(SolutionItems) = preProject
		Files\AssemblyInfo.Common.cs = Files\AssemblyInfo.Common.cs
		Files\AssemblyInfo.Platform.cs = Files\AssemblyInfo.Platform.cs
	EndProjectSection
EndProject
Project("{FAE04EC0-301F-11D3-BF4B-00C04F79EFBC}") = "Support.PCL", "Support.PCL\Support.PCL.csproj", "{18F0A51D-255E-4845-A724-B676D5FBBFBC}"
EndProject
Project("{2150E333-8FDC-42A3-9474-1A3956D46DE8}") = "Documents", "Documents", "{64E2131D-CEDC-4D5A-AC73-CE9C0EDB8CAD}"
	ProjectSection(SolutionItems) = preProject
		CHANGELOG.md = CHANGELOG.md
		LICENSE = LICENSE
		README.md = README.md
	EndProjectSection
EndProject
Project("{FAE04EC0-301F-11D3-BF4B-00C04F79EFBC}") = "Support.Data", "Support.Data\Support.Data.csproj", "{4AC6FA64-1C7E-4648-BE3F-592DC9567401}"
EndProject
Project("{2150E333-8FDC-42A3-9474-1A3956D46DE8}") = "Portable", "Portable", "{EE046FAB-551D-49ED-A2D0-2D648C7732A3}"
EndProject
Project("{2150E333-8FDC-42A3-9474-1A3956D46DE8}") = "Examples", "Examples", "{949CB855-72A4-4CB7-AB6E-CAEA184C0802}"
EndProject
Project("{FAE04EC0-301F-11D3-BF4B-00C04F79EFBC}") = "Model", "Model\Model.csproj", "{8E95A50B-545E-4092-94E3-7638D4C8A4F7}"
EndProject
Project("{FAE04EC0-301F-11D3-BF4B-00C04F79EFBC}") = "Model.PCL", "Model.PCL\Model.PCL.csproj", "{44448EE1-AE0E-4610-A6BE-208EB7FBCFFB}"
EndProject
Project("{FAE04EC0-301F-11D3-BF4B-00C04F79EFBC}") = "Support.Web", "Support.Web\Support.Web.csproj", "{F3E05D2E-3F45-458C-BD16-A7878B32C4B0}"
EndProject
Project("{FAE04EC0-301F-11D3-BF4B-00C04F79EFBC}") = "Support.Drawing", "Support.Drawing\Support.Drawing.csproj", "{D544E494-3925-4180-A4A8-26801118D527}"
EndProject
Project("{2150E333-8FDC-42A3-9474-1A3956D46DE8}") = "Installer", "Installer", "{47568DD7-5B96-44AC-9887-17B921C5F2D3}"
EndProject
Project("{2150E333-8FDC-42A3-9474-1A3956D46DE8}") = "Files", "Files", "{71DCC09B-F9A0-40F7-9A60-F94814774887}"
	ProjectSection(SolutionItems) = preProject
		Files\Config.Common.wxi = Files\Config.Common.wxi
		Files\Config.Platform.wxi = Files\Config.Platform.wxi
	EndProjectSection
EndProject
Project("{930C7802-8A8C-48F9-8165-68863BCCD9DD}") = "Setup", "Setup\Setup.wixproj", "{5D2AC7EF-7F30-4DDF-8F90-D8640B5E6EFD}"
EndProject
Project("{2150E333-8FDC-42A3-9474-1A3956D46DE8}") = "Resources", "Resources", "{4A239D50-824B-43EB-9561-FD8B01D535A4}"
EndProject
Project("{2150E333-8FDC-42A3-9474-1A3956D46DE8}") = "Icons", "Icons", "{76B3CEAA-AD6E-47C1-ACBE-05313A4506AE}"
	ProjectSection(SolutionItems) = preProject
		Resources\Icons\AppIcon.Platform.ico = Resources\Icons\AppIcon.Platform.ico
	EndProjectSection
EndProject
Project("{930C7802-8A8C-48F9-8165-68863BCCD9DD}") = "Bootstrapper", "Bootstrapper\Bootstrapper.wixproj", "{B9AD2AB2-C519-4EF3-B4C6-9934C149CA15}"
EndProject
Project("{2150E333-8FDC-42A3-9474-1A3956D46DE8}") = "Tools", "Tools", "{E69077EA-E59E-40F2-B83A-B50712C989FB}"
EndProject
Project("{FAE04EC0-301F-11D3-BF4B-00C04F79EFBC}") = "AssemblyInfoUtil", "AssemblyInfoUtil\AssemblyInfoUtil.csproj", "{F55D526E-61B1-4474-8B9A-AB2FB1CF62A6}"
EndProject
Project("{FAE04EC0-301F-11D3-BF4B-00C04F79EFBC}") = "Presentation.Windows.Forms", "Presentation.Windows.Forms\Presentation.Windows.Forms.csproj", "{AED11B6C-B7D8-48F8-B19F-DA6B8D72D89F}"
EndProject
Project("{FAE04EC0-301F-11D3-BF4B-00C04F79EFBC}") = "Support.Windows", "Support.Windows\Support.Windows.csproj", "{3441E7A2-F6D5-4E34-ABD6-86B131105C29}"
EndProject
Project("{FAE04EC0-301F-11D3-BF4B-00C04F79EFBC}") = "Examples", "Examples\Examples.csproj", "{08F050EE-6B4E-44E9-B877-A71149F3BD14}"
EndProject
Project("{FAE04EC0-301F-11D3-BF4B-00C04F79EFBC}") = "Examples.PCL", "Examples.PCL\Examples.PCL.csproj", "{4A8C6649-347A-4645-8C9B-FC8F3FC50417}"
EndProject
Project("{FAE04EC0-301F-11D3-BF4B-00C04F79EFBC}") = "Presentation.Reporting", "Presentation.Reporting\Presentation.Reporting.csproj", "{EE7DA415-99ED-4E8A-B129-BE09F40ACB83}"
EndProject
Project("{2150E333-8FDC-42A3-9474-1A3956D46DE8}") = "NuGet", "NuGet", "{B9D86D8C-D006-43E1-AA4C-9F09099982EB}"
	ProjectSection(SolutionItems) = preProject
		NuGet\Platform.Model.MVC.nuspec = NuGet\Platform.Model.MVC.nuspec
		NuGet\Platform.Model.nuspec = NuGet\Platform.Model.nuspec
		NuGet\Platform.nuspec = NuGet\Platform.nuspec
		NuGet\Platform.Presentation.nuspec = NuGet\Platform.Presentation.nuspec
		NuGet\Platform.Presentation.Windows.Forms.nuspec = NuGet\Platform.Presentation.Windows.Forms.nuspec
		NuGet\Platform.Support.Core.nuspec = NuGet\Platform.Support.Core.nuspec
		NuGet\Platform.Support.Data.nuspec = NuGet\Platform.Support.Data.nuspec
		NuGet\Platform.Support.Drawing.nuspec = NuGet\Platform.Support.Drawing.nuspec
		NuGet\Platform.Support.nuspec = NuGet\Platform.Support.nuspec
		NuGet\Platform.Support.Windows.nuspec = NuGet\Platform.Support.Windows.nuspec
	EndProjectSection
EndProject
Project("{FAE04EC0-301F-11D3-BF4B-00C04F79EFBC}") = "Model.MVC", "Model.MVC\Model.MVC.csproj", "{8A7C7FBF-A028-4D54-8E92-6D8C4FC3A2FB}"
EndProject
Project("{FAE04EC0-301F-11D3-BF4B-00C04F79EFBC}") = "Model.MVC.PCL", "Model.MVC.PCL\Model.MVC.PCL.csproj", "{C4C6EA21-5740-42F0-990B-BE703B1F8B66}"
EndProject
Global
	GlobalSection(SolutionConfigurationPlatforms) = preSolution
		Debug|Any CPU = Debug|Any CPU
		Release|Any CPU = Release|Any CPU
	EndGlobalSection
	GlobalSection(ProjectConfigurationPlatforms) = postSolution
		{25AB6BBF-A879-4570-9E0E-947D52AE7333}.Debug|Any CPU.ActiveCfg = Debug|Any CPU
		{25AB6BBF-A879-4570-9E0E-947D52AE7333}.Debug|Any CPU.Build.0 = Debug|Any CPU
		{25AB6BBF-A879-4570-9E0E-947D52AE7333}.Release|Any CPU.ActiveCfg = Release|Any CPU
		{25AB6BBF-A879-4570-9E0E-947D52AE7333}.Release|Any CPU.Build.0 = Release|Any CPU
		{18F0A51D-255E-4845-A724-B676D5FBBFBC}.Debug|Any CPU.ActiveCfg = Debug|Any CPU
		{18F0A51D-255E-4845-A724-B676D5FBBFBC}.Debug|Any CPU.Build.0 = Debug|Any CPU
		{18F0A51D-255E-4845-A724-B676D5FBBFBC}.Release|Any CPU.ActiveCfg = Release|Any CPU
		{18F0A51D-255E-4845-A724-B676D5FBBFBC}.Release|Any CPU.Build.0 = Release|Any CPU
		{4AC6FA64-1C7E-4648-BE3F-592DC9567401}.Debug|Any CPU.ActiveCfg = Debug|Any CPU
		{4AC6FA64-1C7E-4648-BE3F-592DC9567401}.Debug|Any CPU.Build.0 = Debug|Any CPU
		{4AC6FA64-1C7E-4648-BE3F-592DC9567401}.Release|Any CPU.ActiveCfg = Release|Any CPU
		{4AC6FA64-1C7E-4648-BE3F-592DC9567401}.Release|Any CPU.Build.0 = Release|Any CPU
		{8E95A50B-545E-4092-94E3-7638D4C8A4F7}.Debug|Any CPU.ActiveCfg = Debug|Any CPU
		{8E95A50B-545E-4092-94E3-7638D4C8A4F7}.Debug|Any CPU.Build.0 = Debug|Any CPU
		{8E95A50B-545E-4092-94E3-7638D4C8A4F7}.Release|Any CPU.ActiveCfg = Release|Any CPU
		{8E95A50B-545E-4092-94E3-7638D4C8A4F7}.Release|Any CPU.Build.0 = Release|Any CPU
		{44448EE1-AE0E-4610-A6BE-208EB7FBCFFB}.Debug|Any CPU.ActiveCfg = Debug|Any CPU
		{44448EE1-AE0E-4610-A6BE-208EB7FBCFFB}.Debug|Any CPU.Build.0 = Debug|Any CPU
		{44448EE1-AE0E-4610-A6BE-208EB7FBCFFB}.Release|Any CPU.ActiveCfg = Release|Any CPU
		{44448EE1-AE0E-4610-A6BE-208EB7FBCFFB}.Release|Any CPU.Build.0 = Release|Any CPU
		{F3E05D2E-3F45-458C-BD16-A7878B32C4B0}.Debug|Any CPU.ActiveCfg = Debug|Any CPU
		{F3E05D2E-3F45-458C-BD16-A7878B32C4B0}.Debug|Any CPU.Build.0 = Debug|Any CPU
		{F3E05D2E-3F45-458C-BD16-A7878B32C4B0}.Release|Any CPU.ActiveCfg = Release|Any CPU
		{F3E05D2E-3F45-458C-BD16-A7878B32C4B0}.Release|Any CPU.Build.0 = Release|Any CPU
		{D544E494-3925-4180-A4A8-26801118D527}.Debug|Any CPU.ActiveCfg = Debug|Any CPU
		{D544E494-3925-4180-A4A8-26801118D527}.Debug|Any CPU.Build.0 = Debug|Any CPU
		{D544E494-3925-4180-A4A8-26801118D527}.Release|Any CPU.ActiveCfg = Release|Any CPU
		{D544E494-3925-4180-A4A8-26801118D527}.Release|Any CPU.Build.0 = Release|Any CPU
		{5D2AC7EF-7F30-4DDF-8F90-D8640B5E6EFD}.Debug|Any CPU.ActiveCfg = Debug|x86
		{5D2AC7EF-7F30-4DDF-8F90-D8640B5E6EFD}.Release|Any CPU.ActiveCfg = Release|x86
		{B9AD2AB2-C519-4EF3-B4C6-9934C149CA15}.Debug|Any CPU.ActiveCfg = Debug|x86
		{B9AD2AB2-C519-4EF3-B4C6-9934C149CA15}.Release|Any CPU.ActiveCfg = Release|x86
		{F55D526E-61B1-4474-8B9A-AB2FB1CF62A6}.Debug|Any CPU.ActiveCfg = Debug|Any CPU
		{F55D526E-61B1-4474-8B9A-AB2FB1CF62A6}.Debug|Any CPU.Build.0 = Debug|Any CPU
		{F55D526E-61B1-4474-8B9A-AB2FB1CF62A6}.Release|Any CPU.ActiveCfg = Release|Any CPU
		{F55D526E-61B1-4474-8B9A-AB2FB1CF62A6}.Release|Any CPU.Build.0 = Release|Any CPU
		{AED11B6C-B7D8-48F8-B19F-DA6B8D72D89F}.Debug|Any CPU.ActiveCfg = Debug|Any CPU
		{AED11B6C-B7D8-48F8-B19F-DA6B8D72D89F}.Debug|Any CPU.Build.0 = Debug|Any CPU
		{AED11B6C-B7D8-48F8-B19F-DA6B8D72D89F}.Release|Any CPU.ActiveCfg = Release|Any CPU
		{AED11B6C-B7D8-48F8-B19F-DA6B8D72D89F}.Release|Any CPU.Build.0 = Release|Any CPU
		{3441E7A2-F6D5-4E34-ABD6-86B131105C29}.Debug|Any CPU.ActiveCfg = Debug|Any CPU
		{3441E7A2-F6D5-4E34-ABD6-86B131105C29}.Debug|Any CPU.Build.0 = Debug|Any CPU
		{3441E7A2-F6D5-4E34-ABD6-86B131105C29}.Release|Any CPU.ActiveCfg = Release|Any CPU
		{3441E7A2-F6D5-4E34-ABD6-86B131105C29}.Release|Any CPU.Build.0 = Release|Any CPU
		{08F050EE-6B4E-44E9-B877-A71149F3BD14}.Debug|Any CPU.ActiveCfg = Debug|Any CPU
		{08F050EE-6B4E-44E9-B877-A71149F3BD14}.Debug|Any CPU.Build.0 = Debug|Any CPU
		{08F050EE-6B4E-44E9-B877-A71149F3BD14}.Release|Any CPU.ActiveCfg = Release|Any CPU
		{08F050EE-6B4E-44E9-B877-A71149F3BD14}.Release|Any CPU.Build.0 = Release|Any CPU
		{4A8C6649-347A-4645-8C9B-FC8F3FC50417}.Debug|Any CPU.ActiveCfg = Debug|Any CPU
		{4A8C6649-347A-4645-8C9B-FC8F3FC50417}.Debug|Any CPU.Build.0 = Debug|Any CPU
		{4A8C6649-347A-4645-8C9B-FC8F3FC50417}.Release|Any CPU.ActiveCfg = Release|Any CPU
		{4A8C6649-347A-4645-8C9B-FC8F3FC50417}.Release|Any CPU.Build.0 = Release|Any CPU
		{EE7DA415-99ED-4E8A-B129-BE09F40ACB83}.Debug|Any CPU.ActiveCfg = Debug|Any CPU
		{EE7DA415-99ED-4E8A-B129-BE09F40ACB83}.Debug|Any CPU.Build.0 = Debug|Any CPU
		{EE7DA415-99ED-4E8A-B129-BE09F40ACB83}.Release|Any CPU.ActiveCfg = Release|Any CPU
		{EE7DA415-99ED-4E8A-B129-BE09F40ACB83}.Release|Any CPU.Build.0 = Release|Any CPU
		{8A7C7FBF-A028-4D54-8E92-6D8C4FC3A2FB}.Debug|Any CPU.ActiveCfg = Debug|Any CPU
		{8A7C7FBF-A028-4D54-8E92-6D8C4FC3A2FB}.Debug|Any CPU.Build.0 = Debug|Any CPU
		{8A7C7FBF-A028-4D54-8E92-6D8C4FC3A2FB}.Release|Any CPU.ActiveCfg = Release|Any CPU
		{8A7C7FBF-A028-4D54-8E92-6D8C4FC3A2FB}.Release|Any CPU.Build.0 = Release|Any CPU
		{C4C6EA21-5740-42F0-990B-BE703B1F8B66}.Debug|Any CPU.ActiveCfg = Debug|Any CPU
		{C4C6EA21-5740-42F0-990B-BE703B1F8B66}.Debug|Any CPU.Build.0 = Debug|Any CPU
		{C4C6EA21-5740-42F0-990B-BE703B1F8B66}.Release|Any CPU.ActiveCfg = Release|Any CPU
		{C4C6EA21-5740-42F0-990B-BE703B1F8B66}.Release|Any CPU.Build.0 = Release|Any CPU
	EndGlobalSection
	GlobalSection(SolutionProperties) = preSolution
		HideSolutionNode = FALSE
	EndGlobalSection
	GlobalSection(NestedProjects) = preSolution
		{18F0A51D-255E-4845-A724-B676D5FBBFBC} = {EE046FAB-551D-49ED-A2D0-2D648C7732A3}
		{44448EE1-AE0E-4610-A6BE-208EB7FBCFFB} = {EE046FAB-551D-49ED-A2D0-2D648C7732A3}
		{71DCC09B-F9A0-40F7-9A60-F94814774887} = {47568DD7-5B96-44AC-9887-17B921C5F2D3}
		{5D2AC7EF-7F30-4DDF-8F90-D8640B5E6EFD} = {47568DD7-5B96-44AC-9887-17B921C5F2D3}
		{76B3CEAA-AD6E-47C1-ACBE-05313A4506AE} = {4A239D50-824B-43EB-9561-FD8B01D535A4}
		{B9AD2AB2-C519-4EF3-B4C6-9934C149CA15} = {47568DD7-5B96-44AC-9887-17B921C5F2D3}
		{F55D526E-61B1-4474-8B9A-AB2FB1CF62A6} = {E69077EA-E59E-40F2-B83A-B50712C989FB}
		{08F050EE-6B4E-44E9-B877-A71149F3BD14} = {949CB855-72A4-4CB7-AB6E-CAEA184C0802}
		{4A8C6649-347A-4645-8C9B-FC8F3FC50417} = {949CB855-72A4-4CB7-AB6E-CAEA184C0802}
		{C4C6EA21-5740-42F0-990B-BE703B1F8B66} = {EE046FAB-551D-49ED-A2D0-2D648C7732A3}
	EndGlobalSection
EndGlobal
