
Microsoft Visual Studio Solution File, Format Version 12.00
# Visual Studio 2013
VisualStudioVersion = 12.0.31101.0
MinimumVisualStudioVersion = 10.0.40219.1
Project("{FAE04EC0-301F-11D3-BF4B-00C04F79EFBC}") = "Support", "Support\Support.csproj", "{25AB6BBF-A879-4570-9E0E-947D52AE7333}"
EndProject
Project("{2150E333-8FDC-42A3-9474-1A3956D46DE8}") = "Files", "Files", "{8BE2B02F-E29C-4E9A-93FD-C8EEED874C90}"
	ProjectSection(SolutionItems) = preProject
		Files\AssemblyInfo.Common.cs = Files\AssemblyInfo.Common.cs
		Files\AssemblyInfo.Platform.cs = Files\AssemblyInfo.Platform.cs
	EndProjectSection
EndProject
Project("{FAE04EC0-301F-11D3-BF4B-00C04F79EFBC}") = "Support.PCL", "Support.PCL\Support.PCL.csproj", "{18F0A51D-255E-4845-A724-B676D5FBBFBC}"
EndProject
Project("{2150E333-8FDC-42A3-9474-1A3956D46DE8}") = "Documents", "Documents", "{64E2131D-CEDC-4D5A-AC73-CE9C0EDB8CAD}"
	ProjectSection(SolutionItems) = preProject
		Documents\CHANGELOG.MD = Documents\CHANGELOG.MD
	EndProjectSection
EndProject
Project("{FAE04EC0-301F-11D3-BF4B-00C04F79EFBC}") = "Support.Data", "Support.Data\Support.Data.csproj", "{4AC6FA64-1C7E-4648-BE3F-592DC9567401}"
EndProject
Project("{2150E333-8FDC-42A3-9474-1A3956D46DE8}") = "Portable", "Portable", "{EE046FAB-551D-49ED-A2D0-2D648C7732A3}"
EndProject
Project("{2150E333-8FDC-42A3-9474-1A3956D46DE8}") = "Examples", "Examples", "{949CB855-72A4-4CB7-AB6E-CAEA184C0802}"
EndProject
Project("{FAE04EC0-301F-11D3-BF4B-00C04F79EFBC}") = "Model", "Model\Model.csproj", "{8E95A50B-545E-4092-94E3-7638D4C8A4F7}"
EndProject
Project("{FAE04EC0-301F-11D3-BF4B-00C04F79EFBC}") = "Model.PCL", "Model.PCL\Model.PCL.csproj", "{44448EE1-AE0E-4610-A6BE-208EB7FBCFFB}"
EndProject
Project("{FAE04EC0-301F-11D3-BF4B-00C04F79EFBC}") = "Support.Web", "Support.Web\Support.Web.csproj", "{F3E05D2E-3F45-458C-BD16-A7878B32C4B0}"
EndProject
Project("{FAE04EC0-301F-11D3-BF4B-00C04F79EFBC}") = "Support.Drawing", "Support.Drawing\Support.Drawing.csproj", "{D544E494-3925-4180-A4A8-26801118D527}"
EndProject
Global
	GlobalSection(SolutionConfigurationPlatforms) = preSolution
		Debug|Any CPU = Debug|Any CPU
		Release|Any CPU = Release|Any CPU
	EndGlobalSection
	GlobalSection(ProjectConfigurationPlatforms) = postSolution
		{25AB6BBF-A879-4570-9E0E-947D52AE7333}.Debug|Any CPU.ActiveCfg = Debug|Any CPU
		{25AB6BBF-A879-4570-9E0E-947D52AE7333}.Debug|Any CPU.Build.0 = Debug|Any CPU
		{25AB6BBF-A879-4570-9E0E-947D52AE7333}.Release|Any CPU.ActiveCfg = Release|Any CPU
		{25AB6BBF-A879-4570-9E0E-947D52AE7333}.Release|Any CPU.Build.0 = Release|Any CPU
		{18F0A51D-255E-4845-A724-B676D5FBBFBC}.Debug|Any CPU.ActiveCfg = Debug|Any CPU
		{18F0A51D-255E-4845-A724-B676D5FBBFBC}.Debug|Any CPU.Build.0 = Debug|Any CPU
		{18F0A51D-255E-4845-A724-B676D5FBBFBC}.Release|Any CPU.ActiveCfg = Release|Any CPU
		{18F0A51D-255E-4845-A724-B676D5FBBFBC}.Release|Any CPU.Build.0 = Release|Any CPU
		{4AC6FA64-1C7E-4648-BE3F-592DC9567401}.Debug|Any CPU.ActiveCfg = Debug|Any CPU
		{4AC6FA64-1C7E-4648-BE3F-592DC9567401}.Debug|Any CPU.Build.0 = Debug|Any CPU
		{4AC6FA64-1C7E-4648-BE3F-592DC9567401}.Release|Any CPU.ActiveCfg = Release|Any CPU
		{4AC6FA64-1C7E-4648-BE3F-592DC9567401}.Release|Any CPU.Build.0 = Release|Any CPU
		{8E95A50B-545E-4092-94E3-7638D4C8A4F7}.Debug|Any CPU.ActiveCfg = Debug|Any CPU
		{8E95A50B-545E-4092-94E3-7638D4C8A4F7}.Debug|Any CPU.Build.0 = Debug|Any CPU
		{8E95A50B-545E-4092-94E3-7638D4C8A4F7}.Release|Any CPU.ActiveCfg = Release|Any CPU
		{8E95A50B-545E-4092-94E3-7638D4C8A4F7}.Release|Any CPU.Build.0 = Release|Any CPU
		{44448EE1-AE0E-4610-A6BE-208EB7FBCFFB}.Debug|Any CPU.ActiveCfg = Debug|Any CPU
		{44448EE1-AE0E-4610-A6BE-208EB7FBCFFB}.Debug|Any CPU.Build.0 = Debug|Any CPU
		{44448EE1-AE0E-4610-A6BE-208EB7FBCFFB}.Release|Any CPU.ActiveCfg = Release|Any CPU
		{44448EE1-AE0E-4610-A6BE-208EB7FBCFFB}.Release|Any CPU.Build.0 = Release|Any CPU
		{F3E05D2E-3F45-458C-BD16-A7878B32C4B0}.Debug|Any CPU.ActiveCfg = Debug|Any CPU
		{F3E05D2E-3F45-458C-BD16-A7878B32C4B0}.Debug|Any CPU.Build.0 = Debug|Any CPU
		{F3E05D2E-3F45-458C-BD16-A7878B32C4B0}.Release|Any CPU.ActiveCfg = Release|Any CPU
		{F3E05D2E-3F45-458C-BD16-A7878B32C4B0}.Release|Any CPU.Build.0 = Release|Any CPU
		{D544E494-3925-4180-A4A8-26801118D527}.Debug|Any CPU.ActiveCfg = Debug|Any CPU
		{D544E494-3925-4180-A4A8-26801118D527}.Debug|Any CPU.Build.0 = Debug|Any CPU
		{D544E494-3925-4180-A4A8-26801118D527}.Release|Any CPU.ActiveCfg = Release|Any CPU
		{D544E494-3925-4180-A4A8-26801118D527}.Release|Any CPU.Build.0 = Release|Any CPU
	EndGlobalSection
	GlobalSection(SolutionProperties) = preSolution
		HideSolutionNode = FALSE
	EndGlobalSection
	GlobalSection(NestedProjects) = preSolution
		{18F0A51D-255E-4845-A724-B676D5FBBFBC} = {EE046FAB-551D-49ED-A2D0-2D648C7732A3}
		{44448EE1-AE0E-4610-A6BE-208EB7FBCFFB} = {EE046FAB-551D-49ED-A2D0-2D648C7732A3}
	EndGlobalSection
EndGlobal
