
Microsoft Visual Studio Solution File, Format Version 12.00
# Visual Studio 14
VisualStudioVersion = 14.0.24720.0
MinimumVisualStudioVersion = 10.0.40219.1
Project("{FAE04EC0-301F-11D3-BF4B-00C04F79EFBC}") = "Support", "Support\Support.csproj", "{25AB6BBF-A879-4570-9E0E-947D52AE7333}"
	ProjectSection(ProjectDependencies) = postProject
		{18F0A51D-255E-4845-A724-B676D5FBBFBC} = {18F0A51D-255E-4845-A724-B676D5FBBFBC}
	EndProjectSection
EndProject
Project("{2150E333-8FDC-42A3-9474-1A3956D46DE8}") = ".files", ".files", "{8BE2B02F-E29C-4E9A-93FD-C8EEED874C90}"
	ProjectSection(SolutionItems) = preProject
		.gitignore = .gitignore
		appveyor.yml = appveyor.yml
		.files\AssemblyInfo.Common.cs = .files\AssemblyInfo.Common.cs
		.files\AssemblyInfo.Platform.cs = .files\AssemblyInfo.Platform.cs
		.files\AssemblyInfo.Version.cs = .files\AssemblyInfo.Version.cs
	EndProjectSection
EndProject
Project("{FAE04EC0-301F-11D3-BF4B-00C04F79EFBC}") = "Support.PCL", "Support.PCL\Support.PCL.csproj", "{18F0A51D-255E-4845-A724-B676D5FBBFBC}"
EndProject
Project("{2150E333-8FDC-42A3-9474-1A3956D46DE8}") = ".docs", ".docs", "{64E2131D-CEDC-4D5A-AC73-CE9C0EDB8CAD}"
	ProjectSection(SolutionItems) = preProject
		CHANGELOG.md = CHANGELOG.md
		LICENSE = LICENSE
		README.md = README.md
	EndProjectSection
EndProject
Project("{FAE04EC0-301F-11D3-BF4B-00C04F79EFBC}") = "Support.Data", "Support.Data\Support.Data.csproj", "{4AC6FA64-1C7E-4648-BE3F-592DC9567401}"
EndProject
Project("{FAE04EC0-301F-11D3-BF4B-00C04F79EFBC}") = "Model", "Model\Model.csproj", "{8E95A50B-545E-4092-94E3-7638D4C8A4F7}"
	ProjectSection(ProjectDependencies) = postProject
		{44448EE1-AE0E-4610-A6BE-208EB7FBCFFB} = {44448EE1-AE0E-4610-A6BE-208EB7FBCFFB}
	EndProjectSection
EndProject
Project("{FAE04EC0-301F-11D3-BF4B-00C04F79EFBC}") = "Model.PCL", "Model.PCL\Model.PCL.csproj", "{44448EE1-AE0E-4610-A6BE-208EB7FBCFFB}"
EndProject
Project("{FAE04EC0-301F-11D3-BF4B-00C04F79EFBC}") = "Support.Web", "Support.Web\Support.Web.csproj", "{F3E05D2E-3F45-458C-BD16-A7878B32C4B0}"
	ProjectSection(ProjectDependencies) = postProject
		{9767D236-D9E5-4ECC-A649-EF9391963F84} = {9767D236-D9E5-4ECC-A649-EF9391963F84}
	EndProjectSection
EndProject
Project("{FAE04EC0-301F-11D3-BF4B-00C04F79EFBC}") = "Support.Drawing", "Support.Drawing\Support.Drawing.csproj", "{D544E494-3925-4180-A4A8-26801118D527}"
EndProject
Project("{2150E333-8FDC-42A3-9474-1A3956D46DE8}") = "Installer", "Installer", "{47568DD7-5B96-44AC-9887-17B921C5F2D3}"
EndProject
Project("{930C7802-8A8C-48F9-8165-68863BCCD9DD}") = "Setup", "Setup\Setup.wixproj", "{5D2AC7EF-7F30-4DDF-8F90-D8640B5E6EFD}"
EndProject
Project("{930C7802-8A8C-48F9-8165-68863BCCD9DD}") = "Bootstrapper", "Bootstrapper\Bootstrapper.wixproj", "{B9AD2AB2-C519-4EF3-B4C6-9934C149CA15}"
EndProject
Project("{FAE04EC0-301F-11D3-BF4B-00C04F79EFBC}") = "Presentation.Windows.Forms", "Presentation.Windows.Forms\Presentation.Windows.Forms.csproj", "{AED11B6C-B7D8-48F8-B19F-DA6B8D72D89F}"
EndProject
Project("{FAE04EC0-301F-11D3-BF4B-00C04F79EFBC}") = "Support.Windows", "Support.Windows\Support.Windows.csproj", "{3441E7A2-F6D5-4E34-ABD6-86B131105C29}"
EndProject
Project("{FAE04EC0-301F-11D3-BF4B-00C04F79EFBC}") = "Presentation.Reporting", "Presentation.Reporting\Presentation.Reporting.csproj", "{EE7DA415-99ED-4E8A-B129-BE09F40ACB83}"
EndProject
Project("{FAE04EC0-301F-11D3-BF4B-00C04F79EFBC}") = "Model.MVC", "Model.MVC\Model.MVC.csproj", "{8A7C7FBF-A028-4D54-8E92-6D8C4FC3A2FB}"
	ProjectSection(ProjectDependencies) = postProject
		{C4C6EA21-5740-42F0-990B-BE703B1F8B66} = {C4C6EA21-5740-42F0-990B-BE703B1F8B66}
	EndProjectSection
EndProject
Project("{FAE04EC0-301F-11D3-BF4B-00C04F79EFBC}") = "Model.MVC.PCL", "Model.MVC.PCL\Model.MVC.PCL.csproj", "{C4C6EA21-5740-42F0-990B-BE703B1F8B66}"
EndProject
Project("{2150E333-8FDC-42A3-9474-1A3956D46DE8}") = ".resources", ".resources", "{438EDCA0-3C84-4A67-903C-BC1E306C227D}"
	ProjectSection(SolutionItems) = preProject
		.resources\AppIcon.Platform.ico = .resources\AppIcon.Platform.ico
	EndProjectSection
EndProject
Project("{2150E333-8FDC-42A3-9474-1A3956D46DE8}") = "Portable", "Portable", "{E2558961-1D89-4AC7-840E-F57D987E8173}"
EndProject
Project("{2150E333-8FDC-42A3-9474-1A3956D46DE8}") = "Samples", "Samples", "{B2DE59C7-C6E5-46E1-873E-D711546443EF}"
EndProject
Project("{FAE04EC0-301F-11D3-BF4B-00C04F79EFBC}") = "Sample.DataModel", "Samples\Sample.DataModel\Sample.DataModel.csproj", "{AA133076-D483-496E-866F-06E83E58A05A}"
EndProject
Project("{FAE04EC0-301F-11D3-BF4B-00C04F79EFBC}") = "Sample.Branding", "Samples\Sample.Branding\Sample.Branding.csproj", "{71174989-9F8D-4766-B487-015E8A7A61E0}"
EndProject
Project("{FAE04EC0-301F-11D3-BF4B-00C04F79EFBC}") = "Model.CRUD", "Model.CRUD\Model.CRUD.csproj", "{A57D24E5-511A-4DB2-944E-FC9D7AA01B67}"
	ProjectSection(ProjectDependencies) = postProject
		{62521597-3B37-4CF9-80E4-1F2728D86F4B} = {62521597-3B37-4CF9-80E4-1F2728D86F4B}
	EndProjectSection
EndProject
Project("{FAE04EC0-301F-11D3-BF4B-00C04F79EFBC}") = "Model.CRUD.PCL", "Model.CRUD.PCL\Model.CRUD.PCL.csproj", "{62521597-3B37-4CF9-80E4-1F2728D86F4B}"
EndProject
Project("{FAE04EC0-301F-11D3-BF4B-00C04F79EFBC}") = "Model.SPS", "Model.SPS\Model.SPS.csproj", "{A2C87538-0A4A-48F7-8728-9897C0CC015F}"
EndProject
Project("{FAE04EC0-301F-11D3-BF4B-00C04F79EFBC}") = "Model.SPS.Plugin", "Model.SPS.PlugIn\Model.SPS.Plugin.csproj", "{C1A77ACD-FF1E-4287-A246-D2BEC4A5CAF7}"
EndProject
Project("{2150E333-8FDC-42A3-9474-1A3956D46DE8}") = ".nuget", ".nuget", "{A4E49E51-DBBC-4588-BA35-FBC70397D8D4}"
	ProjectSection(SolutionItems) = preProject
		.nuget\NuGet.exe = .nuget\NuGet.exe
		.nuget\NuGet.targets = .nuget\NuGet.targets
	EndProjectSection
EndProject
Project("{FAE04EC0-301F-11D3-BF4B-00C04F79EFBC}") = "Support.Web.PCL", "Support.Web.PCL\Support.Web.PCL.csproj", "{9767D236-D9E5-4ECC-A649-EF9391963F84}"
EndProject
Global
	GlobalSection(SolutionConfigurationPlatforms) = preSolution
		Debug|Any CPU = Debug|Any CPU
		Release|Any CPU = Release|Any CPU
	EndGlobalSection
	GlobalSection(ProjectConfigurationPlatforms) = postSolution
		{25AB6BBF-A879-4570-9E0E-947D52AE7333}.Debug|Any CPU.ActiveCfg = Debug|Any CPU
		{25AB6BBF-A879-4570-9E0E-947D52AE7333}.Debug|Any CPU.Build.0 = Debug|Any CPU
		{25AB6BBF-A879-4570-9E0E-947D52AE7333}.Release|Any CPU.ActiveCfg = Release|Any CPU
		{25AB6BBF-A879-4570-9E0E-947D52AE7333}.Release|Any CPU.Build.0 = Release|Any CPU
		{18F0A51D-255E-4845-A724-B676D5FBBFBC}.Debug|Any CPU.ActiveCfg = Debug|Any CPU
		{18F0A51D-255E-4845-A724-B676D5FBBFBC}.Debug|Any CPU.Build.0 = Debug|Any CPU
		{18F0A51D-255E-4845-A724-B676D5FBBFBC}.Release|Any CPU.ActiveCfg = Release|Any CPU
		{18F0A51D-255E-4845-A724-B676D5FBBFBC}.Release|Any CPU.Build.0 = Release|Any CPU
		{4AC6FA64-1C7E-4648-BE3F-592DC9567401}.Debug|Any CPU.ActiveCfg = Debug|Any CPU
		{4AC6FA64-1C7E-4648-BE3F-592DC9567401}.Debug|Any CPU.Build.0 = Debug|Any CPU
		{4AC6FA64-1C7E-4648-BE3F-592DC9567401}.Release|Any CPU.ActiveCfg = Release|Any CPU
		{4AC6FA64-1C7E-4648-BE3F-592DC9567401}.Release|Any CPU.Build.0 = Release|Any CPU
		{8E95A50B-545E-4092-94E3-7638D4C8A4F7}.Debug|Any CPU.ActiveCfg = Debug|Any CPU
		{8E95A50B-545E-4092-94E3-7638D4C8A4F7}.Debug|Any CPU.Build.0 = Debug|Any CPU
		{8E95A50B-545E-4092-94E3-7638D4C8A4F7}.Release|Any CPU.ActiveCfg = Release|Any CPU
		{8E95A50B-545E-4092-94E3-7638D4C8A4F7}.Release|Any CPU.Build.0 = Release|Any CPU
		{44448EE1-AE0E-4610-A6BE-208EB7FBCFFB}.Debug|Any CPU.ActiveCfg = Debug|Any CPU
		{44448EE1-AE0E-4610-A6BE-208EB7FBCFFB}.Debug|Any CPU.Build.0 = Debug|Any CPU
		{44448EE1-AE0E-4610-A6BE-208EB7FBCFFB}.Release|Any CPU.ActiveCfg = Release|Any CPU
		{44448EE1-AE0E-4610-A6BE-208EB7FBCFFB}.Release|Any CPU.Build.0 = Release|Any CPU
		{F3E05D2E-3F45-458C-BD16-A7878B32C4B0}.Debug|Any CPU.ActiveCfg = Debug|Any CPU
		{F3E05D2E-3F45-458C-BD16-A7878B32C4B0}.Debug|Any CPU.Build.0 = Debug|Any CPU
		{F3E05D2E-3F45-458C-BD16-A7878B32C4B0}.Release|Any CPU.ActiveCfg = Release|Any CPU
		{F3E05D2E-3F45-458C-BD16-A7878B32C4B0}.Release|Any CPU.Build.0 = Release|Any CPU
		{D544E494-3925-4180-A4A8-26801118D527}.Debug|Any CPU.ActiveCfg = Debug|Any CPU
		{D544E494-3925-4180-A4A8-26801118D527}.Debug|Any CPU.Build.0 = Debug|Any CPU
		{D544E494-3925-4180-A4A8-26801118D527}.Release|Any CPU.ActiveCfg = Release|Any CPU
		{D544E494-3925-4180-A4A8-26801118D527}.Release|Any CPU.Build.0 = Release|Any CPU
		{5D2AC7EF-7F30-4DDF-8F90-D8640B5E6EFD}.Debug|Any CPU.ActiveCfg = Debug|x86
		{5D2AC7EF-7F30-4DDF-8F90-D8640B5E6EFD}.Release|Any CPU.ActiveCfg = Release|x86
		{B9AD2AB2-C519-4EF3-B4C6-9934C149CA15}.Debug|Any CPU.ActiveCfg = Debug|x86
		{B9AD2AB2-C519-4EF3-B4C6-9934C149CA15}.Release|Any CPU.ActiveCfg = Release|x86
		{AED11B6C-B7D8-48F8-B19F-DA6B8D72D89F}.Debug|Any CPU.ActiveCfg = Debug|Any CPU
		{AED11B6C-B7D8-48F8-B19F-DA6B8D72D89F}.Debug|Any CPU.Build.0 = Debug|Any CPU
		{AED11B6C-B7D8-48F8-B19F-DA6B8D72D89F}.Release|Any CPU.ActiveCfg = Release|Any CPU
		{AED11B6C-B7D8-48F8-B19F-DA6B8D72D89F}.Release|Any CPU.Build.0 = Release|Any CPU
		{3441E7A2-F6D5-4E34-ABD6-86B131105C29}.Debug|Any CPU.ActiveCfg = Debug|Any CPU
		{3441E7A2-F6D5-4E34-ABD6-86B131105C29}.Debug|Any CPU.Build.0 = Debug|Any CPU
		{3441E7A2-F6D5-4E34-ABD6-86B131105C29}.Release|Any CPU.ActiveCfg = Release|Any CPU
		{3441E7A2-F6D5-4E34-ABD6-86B131105C29}.Release|Any CPU.Build.0 = Release|Any CPU
		{EE7DA415-99ED-4E8A-B129-BE09F40ACB83}.Debug|Any CPU.ActiveCfg = Debug|Any CPU
		{EE7DA415-99ED-4E8A-B129-BE09F40ACB83}.Debug|Any CPU.Build.0 = Debug|Any CPU
		{EE7DA415-99ED-4E8A-B129-BE09F40ACB83}.Release|Any CPU.ActiveCfg = Release|Any CPU
		{EE7DA415-99ED-4E8A-B129-BE09F40ACB83}.Release|Any CPU.Build.0 = Release|Any CPU
		{8A7C7FBF-A028-4D54-8E92-6D8C4FC3A2FB}.Debug|Any CPU.ActiveCfg = Debug|Any CPU
		{8A7C7FBF-A028-4D54-8E92-6D8C4FC3A2FB}.Debug|Any CPU.Build.0 = Debug|Any CPU
		{8A7C7FBF-A028-4D54-8E92-6D8C4FC3A2FB}.Release|Any CPU.ActiveCfg = Release|Any CPU
		{8A7C7FBF-A028-4D54-8E92-6D8C4FC3A2FB}.Release|Any CPU.Build.0 = Release|Any CPU
		{C4C6EA21-5740-42F0-990B-BE703B1F8B66}.Debug|Any CPU.ActiveCfg = Debug|Any CPU
		{C4C6EA21-5740-42F0-990B-BE703B1F8B66}.Debug|Any CPU.Build.0 = Debug|Any CPU
		{C4C6EA21-5740-42F0-990B-BE703B1F8B66}.Release|Any CPU.ActiveCfg = Release|Any CPU
		{C4C6EA21-5740-42F0-990B-BE703B1F8B66}.Release|Any CPU.Build.0 = Release|Any CPU
		{AA133076-D483-496E-866F-06E83E58A05A}.Debug|Any CPU.ActiveCfg = Debug|Any CPU
		{AA133076-D483-496E-866F-06E83E58A05A}.Debug|Any CPU.Build.0 = Debug|Any CPU
		{AA133076-D483-496E-866F-06E83E58A05A}.Release|Any CPU.ActiveCfg = Release|Any CPU
		{71174989-9F8D-4766-B487-015E8A7A61E0}.Debug|Any CPU.ActiveCfg = Debug|Any CPU
		{71174989-9F8D-4766-B487-015E8A7A61E0}.Debug|Any CPU.Build.0 = Debug|Any CPU
		{71174989-9F8D-4766-B487-015E8A7A61E0}.Release|Any CPU.ActiveCfg = Release|Any CPU
		{A57D24E5-511A-4DB2-944E-FC9D7AA01B67}.Debug|Any CPU.ActiveCfg = Debug|Any CPU
		{A57D24E5-511A-4DB2-944E-FC9D7AA01B67}.Debug|Any CPU.Build.0 = Debug|Any CPU
		{A57D24E5-511A-4DB2-944E-FC9D7AA01B67}.Release|Any CPU.ActiveCfg = Release|Any CPU
		{A57D24E5-511A-4DB2-944E-FC9D7AA01B67}.Release|Any CPU.Build.0 = Release|Any CPU
		{62521597-3B37-4CF9-80E4-1F2728D86F4B}.Debug|Any CPU.ActiveCfg = Debug|Any CPU
		{62521597-3B37-4CF9-80E4-1F2728D86F4B}.Debug|Any CPU.Build.0 = Debug|Any CPU
		{62521597-3B37-4CF9-80E4-1F2728D86F4B}.Release|Any CPU.ActiveCfg = Release|Any CPU
		{62521597-3B37-4CF9-80E4-1F2728D86F4B}.Release|Any CPU.Build.0 = Release|Any CPU
		{A2C87538-0A4A-48F7-8728-9897C0CC015F}.Debug|Any CPU.ActiveCfg = Debug|Any CPU
		{A2C87538-0A4A-48F7-8728-9897C0CC015F}.Debug|Any CPU.Build.0 = Debug|Any CPU
		{A2C87538-0A4A-48F7-8728-9897C0CC015F}.Release|Any CPU.ActiveCfg = Release|Any CPU
		{A2C87538-0A4A-48F7-8728-9897C0CC015F}.Release|Any CPU.Build.0 = Release|Any CPU
		{C1A77ACD-FF1E-4287-A246-D2BEC4A5CAF7}.Debug|Any CPU.ActiveCfg = Debug|Any CPU
		{C1A77ACD-FF1E-4287-A246-D2BEC4A5CAF7}.Debug|Any CPU.Build.0 = Debug|Any CPU
		{C1A77ACD-FF1E-4287-A246-D2BEC4A5CAF7}.Release|Any CPU.ActiveCfg = Release|Any CPU
		{C1A77ACD-FF1E-4287-A246-D2BEC4A5CAF7}.Release|Any CPU.Build.0 = Release|Any CPU
		{9767D236-D9E5-4ECC-A649-EF9391963F84}.Debug|Any CPU.ActiveCfg = Debug|Any CPU
		{9767D236-D9E5-4ECC-A649-EF9391963F84}.Debug|Any CPU.Build.0 = Debug|Any CPU
		{9767D236-D9E5-4ECC-A649-EF9391963F84}.Release|Any CPU.ActiveCfg = Release|Any CPU
		{9767D236-D9E5-4ECC-A649-EF9391963F84}.Release|Any CPU.Build.0 = Release|Any CPU
	EndGlobalSection
	GlobalSection(SolutionProperties) = preSolution
		HideSolutionNode = FALSE
	EndGlobalSection
	GlobalSection(NestedProjects) = preSolution
		{18F0A51D-255E-4845-A724-B676D5FBBFBC} = {E2558961-1D89-4AC7-840E-F57D987E8173}
		{44448EE1-AE0E-4610-A6BE-208EB7FBCFFB} = {E2558961-1D89-4AC7-840E-F57D987E8173}
		{5D2AC7EF-7F30-4DDF-8F90-D8640B5E6EFD} = {47568DD7-5B96-44AC-9887-17B921C5F2D3}
		{B9AD2AB2-C519-4EF3-B4C6-9934C149CA15} = {47568DD7-5B96-44AC-9887-17B921C5F2D3}
		{C4C6EA21-5740-42F0-990B-BE703B1F8B66} = {E2558961-1D89-4AC7-840E-F57D987E8173}
		{AA133076-D483-496E-866F-06E83E58A05A} = {B2DE59C7-C6E5-46E1-873E-D711546443EF}
		{71174989-9F8D-4766-B487-015E8A7A61E0} = {B2DE59C7-C6E5-46E1-873E-D711546443EF}
		{62521597-3B37-4CF9-80E4-1F2728D86F4B} = {E2558961-1D89-4AC7-840E-F57D987E8173}
		{9767D236-D9E5-4ECC-A649-EF9391963F84} = {E2558961-1D89-4AC7-840E-F57D987E8173}
	EndGlobalSection
EndGlobal
