
Microsoft Visual Studio Solution File, Format Version 12.00
# Visual Studio Version 16
VisualStudioVersion = 16.0.29709.97
MinimumVisualStudioVersion = 10.0.40219.1
Project("{2150E333-8FDC-42A3-9474-1A3956D46DE8}") = ".nuget", ".nuget", "{A4E49E51-DBBC-4588-BA35-FBC70397D8D4}"
	ProjectSection(SolutionItems) = preProject
		.nuget\NuGet.config = .nuget\NuGet.config
	EndProjectSection
EndProject
Project("{2150E333-8FDC-42A3-9474-1A3956D46DE8}") = "Solution Items", "Solution Items", "{E9E411D7-1044-4839-A1D4-59C45956314A}"
EndProject
Project("{FAE04EC0-301F-11D3-BF4B-00C04F79EFBC}") = "Samples.Core", "Core\Samples.Core.csproj", "{DDFA08AA-9AE7-4A07-B9FC-8FEFCCD82160}"
EndProject
Project("{FAE04EC0-301F-11D3-BF4B-00C04F79EFBC}") = "Samples.Core.PCL", "Core.PCL\Samples.Core.PCL.csproj", "{31A52908-5532-4838-9A15-007CADCB99EB}"
EndProject
Project("{FAE04EC0-301F-11D3-BF4B-00C04F79EFBC}") = "Samples.Console", "Console\Samples.Console.csproj", "{BD0B53C6-7C65-4E17-AB2C-AD3641A891DD}"
EndProject
Project("{FAE04EC0-301F-11D3-BF4B-00C04F79EFBC}") = "Samples.Application", "Application\Samples.Application.csproj", "{19D05955-5523-4F6E-88BA-B47ECE3F0E4F}"
EndProject
Project("{2150E333-8FDC-42A3-9474-1A3956D46DE8}") = "References", "References", "{D433C7F1-AB76-44EB-8308-1A4833AA64B8}"
EndProject
Project("{FAE04EC0-301F-11D3-BF4B-00C04F79EFBC}") = "Support", "..\src\Support\Support.csproj", "{25AB6BBF-A879-4570-9E0E-947D52AE7333}"
EndProject
Project("{FAE04EC0-301F-11D3-BF4B-00C04F79EFBC}") = "Presentation.Reports.Forms", "..\src\Presentation.Reports.Forms\Presentation.Reports.Forms.csproj", "{CC820E50-5DA7-4C9B-8482-49CEA931EDFF}"
EndProject
Project("{FAE04EC0-301F-11D3-BF4B-00C04F79EFBC}") = "Presentation.Reports", "..\src\Presentation.Reports\Presentation.Reports.csproj", "{EE7DA415-99ED-4E8A-B129-BE09F40ACB83}"
EndProject
Project("{FAE04EC0-301F-11D3-BF4B-00C04F79EFBC}") = "Presentation.Forms", "..\src\Presentation.Forms\Presentation.Forms.csproj", "{AED11B6C-B7D8-48F8-B19F-DA6B8D72D89F}"
EndProject
Project("{FAE04EC0-301F-11D3-BF4B-00C04F79EFBC}") = "Support.Drawing", "..\src\Support.Drawing\Support.Drawing.csproj", "{D544E494-3925-4180-A4A8-26801118D527}"
EndProject
Project("{FAE04EC0-301F-11D3-BF4B-00C04F79EFBC}") = "Support.Windows", "..\src\Support.Windows\Support.Windows.csproj", "{3441E7A2-F6D5-4E34-ABD6-86B131105C29}"
EndProject
Project("{FAE04EC0-301F-11D3-BF4B-00C04F79EFBC}") = "Model", "..\src\Model\Model.csproj", "{8E95A50B-545E-4092-94E3-7638D4C8A4F7}"
EndProject
Project("{2150E333-8FDC-42A3-9474-1A3956D46DE8}") = "net40", "net40", "{95F35179-CAB7-49CA-A97C-F55318A94C57}"
EndProject
Project("{2150E333-8FDC-42A3-9474-1A3956D46DE8}") = "net45", "net45", "{F567D244-E3B8-49F9-BAB9-79CB8498852D}"
EndProject
Project("{FAE04EC0-301F-11D3-BF4B-00C04F79EFBC}") = "Support", "..\src\Support.Net45\Support.csproj", "{5654D378-10CA-4AB0-AAF1-F3F72C6202B6}"
EndProject
Project("{FAE04EC0-301F-11D3-BF4B-00C04F79EFBC}") = "Support.Windows", "..\src\Support.Windows.Net45\Support.Windows.csproj", "{9C79F916-61FA-4811-9264-A109B865CBA7}"
EndProject
Project("{FAE04EC0-301F-11D3-BF4B-00C04F79EFBC}") = "Model", "..\src\Model.Net45\Model.csproj", "{2D856692-23F9-4ED5-93B4-90553C427106}"
EndProject
Project("{2150E333-8FDC-42A3-9474-1A3956D46DE8}") = "profile259", "profile259", "{A94F0C78-D9D7-4316-BB12-C05135E5C29B}"
EndProject
Project("{FAE04EC0-301F-11D3-BF4B-00C04F79EFBC}") = "Support.PCL", "..\src\Support.PCL.Net45\Support.PCL.csproj", "{B0BC9452-381F-4BF7-8E3C-382635A14187}"
EndProject
Project("{FAE04EC0-301F-11D3-BF4B-00C04F79EFBC}") = "Model.PCL", "..\src\Model.PCL.Net45\Model.PCL.csproj", "{F141C367-11E3-4E5F-A089-95173B4029D3}"
EndProject
Project("{2150E333-8FDC-42A3-9474-1A3956D46DE8}") = "netcore", "netcore", "{34394EE7-CBFB-4877-924F-55DEC1D19A5A}"
EndProject
Project("{9A19103F-16F7-4668-BE54-9A1E7A4F7556}") = "Support", "..\src\Support.NetCore\Support.csproj", "{5FB599E8-CA5C-4553-89D1-D1E02EFF2B1C}"
EndProject
Project("{9A19103F-16F7-4668-BE54-9A1E7A4F7556}") = "Samples.Core.NetCore", "Core.NetCore\Samples.Core.NetCore.csproj", "{0E9543E9-C0D3-44F9-B9A4-856C843C358D}"
EndProject
Project("{9A19103F-16F7-4668-BE54-9A1E7A4F7556}") = "Samples.Console.NetCore", "Console.NetCore\Samples.Console.NetCore.csproj", "{441112D8-4138-45C2-A427-D9C90D87A7DF}"
EndProject
Project("{2150E333-8FDC-42A3-9474-1A3956D46DE8}") = "Console", "Console", "{4BA30D62-C368-43DA-A57B-385900023402}"
EndProject
Project("{2150E333-8FDC-42A3-9474-1A3956D46DE8}") = "Desktop", "Desktop", "{747A0747-85DE-4427-889C-717E9495B794}"
EndProject
Project("{2150E333-8FDC-42A3-9474-1A3956D46DE8}") = "Core", "Core", "{18D51176-FBAB-4405-AD8C-661B629169AD}"
EndProject
Project("{9A19103F-16F7-4668-BE54-9A1E7A4F7556}") = "Samples.Application.NetCore", "Application.NetCore\Samples.Application.NetCore.csproj", "{95DCAEBB-03B7-4835-A943-EB7D301CD987}"
EndProject
Project("{9A19103F-16F7-4668-BE54-9A1E7A4F7556}") = "Presentation.Reports.Forms", "..\src\Presentation.Reports.Forms.NetCore\Presentation.Reports.Forms.csproj", "{78ED4163-6583-4ED6-BB4E-95FBD008D41A}"
EndProject
Project("{9A19103F-16F7-4668-BE54-9A1E7A4F7556}") = "Presentation.Reports", "..\src\Presentation.Reports.NetCore\Presentation.Reports.csproj", "{E9E4E232-69E2-4509-88E1-7BC4CCF372FD}"
EndProject
Project("{9A19103F-16F7-4668-BE54-9A1E7A4F7556}") = "Model", "..\src\Model.NetCore\Model.csproj", "{E3224FBE-4E5E-4DD0-AC76-D66CF6A1949F}"
EndProject
Project("{9A19103F-16F7-4668-BE54-9A1E7A4F7556}") = "Support.Drawing", "..\src\Support.Drawing.NetCore\Support.Drawing.csproj", "{1CB28DE7-14CF-40ED-9D35-664A482A41CB}"
EndProject
Project("{9A19103F-16F7-4668-BE54-9A1E7A4F7556}") = "Presentation.Forms", "..\src\Presentation.Forms.NetCore\Presentation.Forms.csproj", "{E0DACF46-D9D8-4939-94C3-B65949B46379}"
EndProject
Global
	GlobalSection(SolutionConfigurationPlatforms) = preSolution
		Debug|Any CPU = Debug|Any CPU
		Release|Any CPU = Release|Any CPU
	EndGlobalSection
	GlobalSection(ProjectConfigurationPlatforms) = postSolution
		{DDFA08AA-9AE7-4A07-B9FC-8FEFCCD82160}.Debug|Any CPU.ActiveCfg = Debug|Any CPU
		{DDFA08AA-9AE7-4A07-B9FC-8FEFCCD82160}.Debug|Any CPU.Build.0 = Debug|Any CPU
		{DDFA08AA-9AE7-4A07-B9FC-8FEFCCD82160}.Release|Any CPU.ActiveCfg = Release|Any CPU
		{DDFA08AA-9AE7-4A07-B9FC-8FEFCCD82160}.Release|Any CPU.Build.0 = Release|Any CPU
		{31A52908-5532-4838-9A15-007CADCB99EB}.Debug|Any CPU.ActiveCfg = Debug|Any CPU
		{31A52908-5532-4838-9A15-007CADCB99EB}.Debug|Any CPU.Build.0 = Debug|Any CPU
		{31A52908-5532-4838-9A15-007CADCB99EB}.Release|Any CPU.ActiveCfg = Release|Any CPU
		{31A52908-5532-4838-9A15-007CADCB99EB}.Release|Any CPU.Build.0 = Release|Any CPU
		{BD0B53C6-7C65-4E17-AB2C-AD3641A891DD}.Debug|Any CPU.ActiveCfg = Debug|Any CPU
		{BD0B53C6-7C65-4E17-AB2C-AD3641A891DD}.Debug|Any CPU.Build.0 = Debug|Any CPU
		{BD0B53C6-7C65-4E17-AB2C-AD3641A891DD}.Release|Any CPU.ActiveCfg = Release|Any CPU
		{BD0B53C6-7C65-4E17-AB2C-AD3641A891DD}.Release|Any CPU.Build.0 = Release|Any CPU
		{19D05955-5523-4F6E-88BA-B47ECE3F0E4F}.Debug|Any CPU.ActiveCfg = Debug|Any CPU
		{19D05955-5523-4F6E-88BA-B47ECE3F0E4F}.Debug|Any CPU.Build.0 = Debug|Any CPU
		{19D05955-5523-4F6E-88BA-B47ECE3F0E4F}.Release|Any CPU.ActiveCfg = Release|Any CPU
		{19D05955-5523-4F6E-88BA-B47ECE3F0E4F}.Release|Any CPU.Build.0 = Release|Any CPU
		{25AB6BBF-A879-4570-9E0E-947D52AE7333}.Debug|Any CPU.ActiveCfg = Debug|Any CPU
		{25AB6BBF-A879-4570-9E0E-947D52AE7333}.Release|Any CPU.ActiveCfg = Release|Any CPU
		{CC820E50-5DA7-4C9B-8482-49CEA931EDFF}.Debug|Any CPU.ActiveCfg = Debug|Any CPU
		{CC820E50-5DA7-4C9B-8482-49CEA931EDFF}.Release|Any CPU.ActiveCfg = Release|Any CPU
		{EE7DA415-99ED-4E8A-B129-BE09F40ACB83}.Debug|Any CPU.ActiveCfg = Debug|Any CPU
		{EE7DA415-99ED-4E8A-B129-BE09F40ACB83}.Release|Any CPU.ActiveCfg = Release|Any CPU
		{AED11B6C-B7D8-48F8-B19F-DA6B8D72D89F}.Debug|Any CPU.ActiveCfg = Debug|Any CPU
		{AED11B6C-B7D8-48F8-B19F-DA6B8D72D89F}.Release|Any CPU.ActiveCfg = Release|Any CPU
		{D544E494-3925-4180-A4A8-26801118D527}.Debug|Any CPU.ActiveCfg = Debug|Any CPU
		{D544E494-3925-4180-A4A8-26801118D527}.Release|Any CPU.ActiveCfg = Release|Any CPU
		{3441E7A2-F6D5-4E34-ABD6-86B131105C29}.Debug|Any CPU.ActiveCfg = Debug|Any CPU
		{3441E7A2-F6D5-4E34-ABD6-86B131105C29}.Release|Any CPU.ActiveCfg = Release|Any CPU
		{8E95A50B-545E-4092-94E3-7638D4C8A4F7}.Debug|Any CPU.ActiveCfg = Debug|Any CPU
		{8E95A50B-545E-4092-94E3-7638D4C8A4F7}.Release|Any CPU.ActiveCfg = Release|Any CPU
		{5654D378-10CA-4AB0-AAF1-F3F72C6202B6}.Debug|Any CPU.ActiveCfg = Debug|Any CPU
		{5654D378-10CA-4AB0-AAF1-F3F72C6202B6}.Release|Any CPU.ActiveCfg = Release|Any CPU
		{9C79F916-61FA-4811-9264-A109B865CBA7}.Debug|Any CPU.ActiveCfg = Debug|Any CPU
		{9C79F916-61FA-4811-9264-A109B865CBA7}.Release|Any CPU.ActiveCfg = Release|Any CPU
		{2D856692-23F9-4ED5-93B4-90553C427106}.Debug|Any CPU.ActiveCfg = Debug|Any CPU
		{2D856692-23F9-4ED5-93B4-90553C427106}.Release|Any CPU.ActiveCfg = Release|Any CPU
		{B0BC9452-381F-4BF7-8E3C-382635A14187}.Debug|Any CPU.ActiveCfg = Debug|Any CPU
		{B0BC9452-381F-4BF7-8E3C-382635A14187}.Release|Any CPU.ActiveCfg = Release|Any CPU
		{F141C367-11E3-4E5F-A089-95173B4029D3}.Debug|Any CPU.ActiveCfg = Debug|Any CPU
		{F141C367-11E3-4E5F-A089-95173B4029D3}.Release|Any CPU.ActiveCfg = Release|Any CPU
		{5FB599E8-CA5C-4553-89D1-D1E02EFF2B1C}.Debug|Any CPU.ActiveCfg = Debug|Any CPU
		{5FB599E8-CA5C-4553-89D1-D1E02EFF2B1C}.Debug|Any CPU.Build.0 = Debug|Any CPU
		{5FB599E8-CA5C-4553-89D1-D1E02EFF2B1C}.Release|Any CPU.ActiveCfg = Release|Any CPU
		{0E9543E9-C0D3-44F9-B9A4-856C843C358D}.Debug|Any CPU.ActiveCfg = Debug|Any CPU
		{0E9543E9-C0D3-44F9-B9A4-856C843C358D}.Debug|Any CPU.Build.0 = Debug|Any CPU
		{0E9543E9-C0D3-44F9-B9A4-856C843C358D}.Release|Any CPU.ActiveCfg = Release|Any CPU
		{0E9543E9-C0D3-44F9-B9A4-856C843C358D}.Release|Any CPU.Build.0 = Release|Any CPU
		{441112D8-4138-45C2-A427-D9C90D87A7DF}.Debug|Any CPU.ActiveCfg = Debug|Any CPU
		{441112D8-4138-45C2-A427-D9C90D87A7DF}.Debug|Any CPU.Build.0 = Debug|Any CPU
		{441112D8-4138-45C2-A427-D9C90D87A7DF}.Release|Any CPU.ActiveCfg = Release|Any CPU
		{441112D8-4138-45C2-A427-D9C90D87A7DF}.Release|Any CPU.Build.0 = Release|Any CPU
		{95DCAEBB-03B7-4835-A943-EB7D301CD987}.Debug|Any CPU.ActiveCfg = Debug|Any CPU
		{95DCAEBB-03B7-4835-A943-EB7D301CD987}.Debug|Any CPU.Build.0 = Debug|Any CPU
		{95DCAEBB-03B7-4835-A943-EB7D301CD987}.Release|Any CPU.ActiveCfg = Release|Any CPU
		{95DCAEBB-03B7-4835-A943-EB7D301CD987}.Release|Any CPU.Build.0 = Release|Any CPU
		{78ED4163-6583-4ED6-BB4E-95FBD008D41A}.Debug|Any CPU.ActiveCfg = Debug|Any CPU
		{78ED4163-6583-4ED6-BB4E-95FBD008D41A}.Debug|Any CPU.Build.0 = Debug|Any CPU
		{78ED4163-6583-4ED6-BB4E-95FBD008D41A}.Release|Any CPU.ActiveCfg = Release|Any CPU
		{78ED4163-6583-4ED6-BB4E-95FBD008D41A}.Release|Any CPU.Build.0 = Release|Any CPU
		{E9E4E232-69E2-4509-88E1-7BC4CCF372FD}.Debug|Any CPU.ActiveCfg = Debug|Any CPU
		{E9E4E232-69E2-4509-88E1-7BC4CCF372FD}.Debug|Any CPU.Build.0 = Debug|Any CPU
		{E9E4E232-69E2-4509-88E1-7BC4CCF372FD}.Release|Any CPU.ActiveCfg = Release|Any CPU
		{E9E4E232-69E2-4509-88E1-7BC4CCF372FD}.Release|Any CPU.Build.0 = Release|Any CPU
		{E3224FBE-4E5E-4DD0-AC76-D66CF6A1949F}.Debug|Any CPU.ActiveCfg = Debug|Any CPU
		{E3224FBE-4E5E-4DD0-AC76-D66CF6A1949F}.Debug|Any CPU.Build.0 = Debug|Any CPU
		{E3224FBE-4E5E-4DD0-AC76-D66CF6A1949F}.Release|Any CPU.ActiveCfg = Release|Any CPU
		{E3224FBE-4E5E-4DD0-AC76-D66CF6A1949F}.Release|Any CPU.Build.0 = Release|Any CPU
		{1CB28DE7-14CF-40ED-9D35-664A482A41CB}.Debug|Any CPU.ActiveCfg = Debug|Any CPU
		{1CB28DE7-14CF-40ED-9D35-664A482A41CB}.Debug|Any CPU.Build.0 = Debug|Any CPU
		{1CB28DE7-14CF-40ED-9D35-664A482A41CB}.Release|Any CPU.ActiveCfg = Release|Any CPU
		{1CB28DE7-14CF-40ED-9D35-664A482A41CB}.Release|Any CPU.Build.0 = Release|Any CPU
		{E0DACF46-D9D8-4939-94C3-B65949B46379}.Debug|Any CPU.ActiveCfg = Debug|Any CPU
		{E0DACF46-D9D8-4939-94C3-B65949B46379}.Debug|Any CPU.Build.0 = Debug|Any CPU
		{E0DACF46-D9D8-4939-94C3-B65949B46379}.Release|Any CPU.ActiveCfg = Release|Any CPU
		{E0DACF46-D9D8-4939-94C3-B65949B46379}.Release|Any CPU.Build.0 = Release|Any CPU
	EndGlobalSection
	GlobalSection(SolutionProperties) = preSolution
		HideSolutionNode = FALSE
	EndGlobalSection
	GlobalSection(NestedProjects) = preSolution
		{A4E49E51-DBBC-4588-BA35-FBC70397D8D4} = {E9E411D7-1044-4839-A1D4-59C45956314A}
		{DDFA08AA-9AE7-4A07-B9FC-8FEFCCD82160} = {18D51176-FBAB-4405-AD8C-661B629169AD}
		{31A52908-5532-4838-9A15-007CADCB99EB} = {18D51176-FBAB-4405-AD8C-661B629169AD}
		{BD0B53C6-7C65-4E17-AB2C-AD3641A891DD} = {4BA30D62-C368-43DA-A57B-385900023402}
		{19D05955-5523-4F6E-88BA-B47ECE3F0E4F} = {747A0747-85DE-4427-889C-717E9495B794}
		{25AB6BBF-A879-4570-9E0E-947D52AE7333} = {95F35179-CAB7-49CA-A97C-F55318A94C57}
		{CC820E50-5DA7-4C9B-8482-49CEA931EDFF} = {95F35179-CAB7-49CA-A97C-F55318A94C57}
		{EE7DA415-99ED-4E8A-B129-BE09F40ACB83} = {95F35179-CAB7-49CA-A97C-F55318A94C57}
		{AED11B6C-B7D8-48F8-B19F-DA6B8D72D89F} = {95F35179-CAB7-49CA-A97C-F55318A94C57}
		{D544E494-3925-4180-A4A8-26801118D527} = {95F35179-CAB7-49CA-A97C-F55318A94C57}
		{3441E7A2-F6D5-4E34-ABD6-86B131105C29} = {95F35179-CAB7-49CA-A97C-F55318A94C57}
		{8E95A50B-545E-4092-94E3-7638D4C8A4F7} = {95F35179-CAB7-49CA-A97C-F55318A94C57}
		{95F35179-CAB7-49CA-A97C-F55318A94C57} = {D433C7F1-AB76-44EB-8308-1A4833AA64B8}
		{F567D244-E3B8-49F9-BAB9-79CB8498852D} = {D433C7F1-AB76-44EB-8308-1A4833AA64B8}
		{5654D378-10CA-4AB0-AAF1-F3F72C6202B6} = {F567D244-E3B8-49F9-BAB9-79CB8498852D}
		{9C79F916-61FA-4811-9264-A109B865CBA7} = {F567D244-E3B8-49F9-BAB9-79CB8498852D}
		{2D856692-23F9-4ED5-93B4-90553C427106} = {F567D244-E3B8-49F9-BAB9-79CB8498852D}
		{A94F0C78-D9D7-4316-BB12-C05135E5C29B} = {D433C7F1-AB76-44EB-8308-1A4833AA64B8}
		{B0BC9452-381F-4BF7-8E3C-382635A14187} = {A94F0C78-D9D7-4316-BB12-C05135E5C29B}
		{F141C367-11E3-4E5F-A089-95173B4029D3} = {A94F0C78-D9D7-4316-BB12-C05135E5C29B}
		{34394EE7-CBFB-4877-924F-55DEC1D19A5A} = {D433C7F1-AB76-44EB-8308-1A4833AA64B8}
		{5FB599E8-CA5C-4553-89D1-D1E02EFF2B1C} = {34394EE7-CBFB-4877-924F-55DEC1D19A5A}
		{0E9543E9-C0D3-44F9-B9A4-856C843C358D} = {18D51176-FBAB-4405-AD8C-661B629169AD}
		{441112D8-4138-45C2-A427-D9C90D87A7DF} = {4BA30D62-C368-43DA-A57B-385900023402}
		{95DCAEBB-03B7-4835-A943-EB7D301CD987} = {747A0747-85DE-4427-889C-717E9495B794}
		{78ED4163-6583-4ED6-BB4E-95FBD008D41A} = {34394EE7-CBFB-4877-924F-55DEC1D19A5A}
		{E9E4E232-69E2-4509-88E1-7BC4CCF372FD} = {34394EE7-CBFB-4877-924F-55DEC1D19A5A}
		{E3224FBE-4E5E-4DD0-AC76-D66CF6A1949F} = {34394EE7-CBFB-4877-924F-55DEC1D19A5A}
		{1CB28DE7-14CF-40ED-9D35-664A482A41CB} = {34394EE7-CBFB-4877-924F-55DEC1D19A5A}
		{E0DACF46-D9D8-4939-94C3-B65949B46379} = {34394EE7-CBFB-4877-924F-55DEC1D19A5A}
	EndGlobalSection
	GlobalSection(ExtensibilityGlobals) = postSolution
		BuildVersion_AssemblyInfoFilename = .files\AssemblyInfo.Version.cs
		BuildVersion_StartDate = 2016/1/1
		BuildVersion_UpdateAssemblyVersion = True
		BuildVersion_BuildVersioningStyle = None.None.None.Increment
		SolutionGuid = {201FA654-6DE8-484E-ACF6-6BD7E38CDE3F}
	EndGlobalSection
	GlobalSection(AutomaticVersions) = postSolution
		AssemblyInfoFilePath.Release|Any CPU = D:\Developments\GitHub\platform\.files\AssemblyInfo.Version.cs
		UpdateAssemblyVersion.Release|Any CPU = True
		UpdateAssemblyFileVersion.Release|Any CPU = True
		UpdateAssemblyInfoVersion.Release|Any CPU = True
		AssemblyVersionSettings.Release|Any CPU = None.None.None.Increment
		AssemblyFileVersionSettings.Release|Any CPU = None.None.None.Increment
		AssemblyInfoVersionSettings.Release|Any CPU = None.None.None.Increment
	EndGlobalSection
EndGlobal
