
Microsoft Visual Studio Solution File, Format Version 12.00
# Visual Studio 15
VisualStudioVersion = 15.0.27130.2003
MinimumVisualStudioVersion = 10.0.40219.1
Project("{FAE04EC0-301F-11D3-BF4B-00C04F79EFBC}") = "Support", "Support\Support.csproj", "{25AB6BBF-A879-4570-9E0E-947D52AE7333}"
EndProject
Project("{FAE04EC0-301F-11D3-BF4B-00C04F79EFBC}") = "Support.PCL", "Support.PCL\Support.PCL.csproj", "{18F0A51D-255E-4845-A724-B676D5FBBFBC}"
EndProject
Project("{FAE04EC0-301F-11D3-BF4B-00C04F79EFBC}") = "Support.Data", "Support.Data\Support.Data.csproj", "{4AC6FA64-1C7E-4648-BE3F-592DC9567401}"
EndProject
Project("{FAE04EC0-301F-11D3-BF4B-00C04F79EFBC}") = "Model", "Model\Model.csproj", "{8E95A50B-545E-4092-94E3-7638D4C8A4F7}"
EndProject
Project("{FAE04EC0-301F-11D3-BF4B-00C04F79EFBC}") = "Model.PCL", "Model.PCL\Model.PCL.csproj", "{44448EE1-AE0E-4610-A6BE-208EB7FBCFFB}"
EndProject
Project("{FAE04EC0-301F-11D3-BF4B-00C04F79EFBC}") = "Support.Web", "Support.Web\Support.Web.csproj", "{F3E05D2E-3F45-458C-BD16-A7878B32C4B0}"
EndProject
Project("{FAE04EC0-301F-11D3-BF4B-00C04F79EFBC}") = "Support.Drawing", "Support.Drawing\Support.Drawing.csproj", "{D544E494-3925-4180-A4A8-26801118D527}"
EndProject
Project("{FAE04EC0-301F-11D3-BF4B-00C04F79EFBC}") = "Presentation.Forms", "Presentation.Forms\Presentation.Forms.csproj", "{AED11B6C-B7D8-48F8-B19F-DA6B8D72D89F}"
EndProject
Project("{FAE04EC0-301F-11D3-BF4B-00C04F79EFBC}") = "Support.Windows", "Support.Windows\Support.Windows.csproj", "{3441E7A2-F6D5-4E34-ABD6-86B131105C29}"
	ProjectSection(ProjectDependencies) = postProject
		{9C79F916-61FA-4811-9264-A109B865CBA7} = {9C79F916-61FA-4811-9264-A109B865CBA7}
	EndProjectSection
EndProject
Project("{FAE04EC0-301F-11D3-BF4B-00C04F79EFBC}") = "Presentation.Reports", "Presentation.Reports\Presentation.Reports.csproj", "{EE7DA415-99ED-4E8A-B129-BE09F40ACB83}"
	ProjectSection(ProjectDependencies) = postProject
		{5654D378-10CA-4AB0-AAF1-F3F72C6202B6} = {5654D378-10CA-4AB0-AAF1-F3F72C6202B6}
	EndProjectSection
EndProject
Project("{FAE04EC0-301F-11D3-BF4B-00C04F79EFBC}") = "Model.MVC", "Model.MVC\Model.MVC.csproj", "{8A7C7FBF-A028-4D54-8E92-6D8C4FC3A2FB}"
EndProject
Project("{FAE04EC0-301F-11D3-BF4B-00C04F79EFBC}") = "Model.MVC.PCL", "Model.MVC.PCL\Model.MVC.PCL.csproj", "{C4C6EA21-5740-42F0-990B-BE703B1F8B66}"
	ProjectSection(ProjectDependencies) = postProject
		{44448EE1-AE0E-4610-A6BE-208EB7FBCFFB} = {44448EE1-AE0E-4610-A6BE-208EB7FBCFFB}
	EndProjectSection
EndProject
Project("{2150E333-8FDC-42A3-9474-1A3956D46DE8}") = ".resources", ".resources", "{438EDCA0-3C84-4A67-903C-BC1E306C227D}"
	ProjectSection(SolutionItems) = preProject
		..\.resources\AppIcon.Platform.ico = ..\.resources\AppIcon.Platform.ico
	EndProjectSection
EndProject
Project("{2150E333-8FDC-42A3-9474-1A3956D46DE8}") = "Portable", "Portable", "{E2558961-1D89-4AC7-840E-F57D987E8173}"
EndProject
Project("{FAE04EC0-301F-11D3-BF4B-00C04F79EFBC}") = "Model.CRUD", "Model.CRUD\Model.CRUD.csproj", "{A57D24E5-511A-4DB2-944E-FC9D7AA01B67}"
EndProject
Project("{FAE04EC0-301F-11D3-BF4B-00C04F79EFBC}") = "Model.CRUD.PCL", "Model.CRUD.PCL\Model.CRUD.PCL.csproj", "{62521597-3B37-4CF9-80E4-1F2728D86F4B}"
EndProject
Project("{FAE04EC0-301F-11D3-BF4B-00C04F79EFBC}") = "Model.SPS", "Model.SPS\Model.SPS.csproj", "{A2C87538-0A4A-48F7-8728-9897C0CC015F}"
EndProject
Project("{FAE04EC0-301F-11D3-BF4B-00C04F79EFBC}") = "Model.SPS.Plugin", "Model.SPS.PlugIn\Model.SPS.Plugin.csproj", "{C1A77ACD-FF1E-4287-A246-D2BEC4A5CAF7}"
	ProjectSection(ProjectDependencies) = postProject
		{5654D378-10CA-4AB0-AAF1-F3F72C6202B6} = {5654D378-10CA-4AB0-AAF1-F3F72C6202B6}
	EndProjectSection
EndProject
Project("{2150E333-8FDC-42A3-9474-1A3956D46DE8}") = "4.5", "4.5", "{989FFC57-46D2-4C73-BFA9-97EBFFA1960B}"
EndProject
Project("{2150E333-8FDC-42A3-9474-1A3956D46DE8}") = "4.0", "4.0", "{0897EA21-1224-4433-AD2D-030419B8BED7}"
EndProject
Project("{FAE04EC0-301F-11D3-BF4B-00C04F79EFBC}") = "Support.PCL", "Support.PCL.Net45\Support.PCL.csproj", "{B0BC9452-381F-4BF7-8E3C-382635A14187}"
EndProject
Project("{FAE04EC0-301F-11D3-BF4B-00C04F79EFBC}") = "Model.PCL", "Model.PCL.Net45\Model.PCL.csproj", "{F141C367-11E3-4E5F-A089-95173B4029D3}"
EndProject
Project("{FAE04EC0-301F-11D3-BF4B-00C04F79EFBC}") = "Model.CRUD.PCL", "Model.CRUD.PCL.Net45\Model.CRUD.PCL.csproj", "{C8D8ADA5-5C79-429A-9000-08018BDB4EC5}"
EndProject
Project("{FAE04EC0-301F-11D3-BF4B-00C04F79EFBC}") = "Model.MVC.PCL", "Model.MVC.PCL.Net45\Model.MVC.PCL.csproj", "{3E47685A-B432-4E64-A78C-212A46502083}"
EndProject
Project("{FAE04EC0-301F-11D3-BF4B-00C04F79EFBC}") = "Model.SPS.Plugin.PCL", "Model.SPS.Plugin.PCL.Net45\Model.SPS.Plugin.PCL.csproj", "{1E1A1127-1ECC-4A97-8D28-6DF0139436B1}"
EndProject
Project("{FAE04EC0-301F-11D3-BF4B-00C04F79EFBC}") = "Model.SPS.Plugin.PCL", "Model.SPS.Plugin.PCL\Model.SPS.Plugin.PCL.csproj", "{4FC3D191-70EB-46D4-B471-C550DA3B842A}"
EndProject
Project("{FAE04EC0-301F-11D3-BF4B-00C04F79EFBC}") = "Support.Net", "Support.Net\Support.Net.csproj", "{F8245D33-07F5-4B29-80E0-99AD7CC9BCB2}"
EndProject
Project("{2150E333-8FDC-42A3-9474-1A3956D46DE8}") = "Solution Items", "Solution Items", "{E9E411D7-1044-4839-A1D4-59C45956314A}"
	ProjectSection(SolutionItems) = preProject
		.editoricon.png = .editoricon.png
		..\.gitattributes = ..\.gitattributes
		..\.gitignore = ..\.gitignore
		..\build.cake = ..\build.cake
		..\build.ps1 = ..\build.ps1
		..\CHANGELOG.md = ..\CHANGELOG.md
		..\LICENSE = ..\LICENSE
		..\README.md = ..\README.md
	EndProjectSection
EndProject
Project("{2150E333-8FDC-42A3-9474-1A3956D46DE8}") = ".files", ".files", "{70671A51-61FB-4AA2-9D80-8C68A5B934ED}"
	ProjectSection(SolutionItems) = preProject
		..\.files\AssemblyInfo.Common.cs = ..\.files\AssemblyInfo.Common.cs
		..\.files\AssemblyInfo.Platform.cs = ..\.files\AssemblyInfo.Platform.cs
		..\.files\AssemblyInfo.Version.cs = ..\.files\AssemblyInfo.Version.cs
	EndProjectSection
EndProject
Project("{2150E333-8FDC-42A3-9474-1A3956D46DE8}") = "Standard", "Standard", "{39AACD32-F123-4B20-B8E8-6CF49D37C6C2}"
EndProject
Project("{2150E333-8FDC-42A3-9474-1A3956D46DE8}") = "4.0", "4.0", "{C6297CDA-49E4-4C9B-8C6A-CDD6633ED33F}"
EndProject
Project("{2150E333-8FDC-42A3-9474-1A3956D46DE8}") = "4.5", "4.5", "{7F317395-1540-44B5-98F4-2132D346D129}"
EndProject
Project("{FAE04EC0-301F-11D3-BF4B-00C04F79EFBC}") = "Support", "Support.Net45\Support.csproj", "{5654D378-10CA-4AB0-AAF1-F3F72C6202B6}"
EndProject
Project("{FAE04EC0-301F-11D3-BF4B-00C04F79EFBC}") = "Model", "Model.Net45\Model.csproj", "{2D856692-23F9-4ED5-93B4-90553C427106}"
EndProject
Project("{FAE04EC0-301F-11D3-BF4B-00C04F79EFBC}") = "Model.CRUD", "Model.CRUD.Net45\Model.CRUD.csproj", "{86ACD209-C899-4130-AD42-E7934A8F3640}"
EndProject
Project("{FAE04EC0-301F-11D3-BF4B-00C04F79EFBC}") = "Model.MVC", "Model.MVC.Net45\Model.MVC.csproj", "{85A3186A-2416-4756-9DD4-CB21F1A5C2B3}"
EndProject
Project("{FAE04EC0-301F-11D3-BF4B-00C04F79EFBC}") = "Model.SPS", "Model.SPS.Net45\Model.SPS.csproj", "{5C339DA7-40C7-44BE-A1B6-3FD15C0754C4}"
EndProject
Project("{FAE04EC0-301F-11D3-BF4B-00C04F79EFBC}") = "Support.Data", "Support.Data.Net45\Support.Data.csproj", "{2C74EC71-EE9A-4B3C-8DD9-ADE8A3D0A0C2}"
EndProject
Project("{FAE04EC0-301F-11D3-BF4B-00C04F79EFBC}") = "Support.Drawing", "Support.Drawing.Net45\Support.Drawing.csproj", "{E350DF58-553B-4971-BD39-34DBC903B501}"
EndProject
Project("{FAE04EC0-301F-11D3-BF4B-00C04F79EFBC}") = "Support.Net", "Support.Net.Net45\Support.Net.csproj", "{33EB7E76-C39F-47C9-B8A4-45047065F460}"
EndProject
Project("{FAE04EC0-301F-11D3-BF4B-00C04F79EFBC}") = "Support.Web", "Support.Web.Net45\Support.Web.csproj", "{964C21CA-1249-4576-83B0-D3D6B6A4FE23}"
EndProject
Project("{FAE04EC0-301F-11D3-BF4B-00C04F79EFBC}") = "Support.Windows", "Support.Windows.Net45\Support.Windows.csproj", "{9C79F916-61FA-4811-9264-A109B865CBA7}"
EndProject
Project("{FAE04EC0-301F-11D3-BF4B-00C04F79EFBC}") = "Presentation.Forms", "Presentation.Forms.Net45\Presentation.Forms.csproj", "{1256D57E-5D7A-40E4-B935-B60138E03518}"
EndProject
Project("{FAE04EC0-301F-11D3-BF4B-00C04F79EFBC}") = "Presentation.Reports", "Presentation.Reports.Net45\Presentation.Reports.csproj", "{3CECF307-6681-460F-870C-AE75ADD010B8}"
EndProject
Project("{FAE04EC0-301F-11D3-BF4B-00C04F79EFBC}") = "Model.SPS.Plugin", "Model.SPS.Plugin.Net45\Model.SPS.Plugin.csproj", "{62104A7A-35E6-4CD6-A9F8-A79807FF9B4D}"
EndProject
Project("{FAE04EC0-301F-11D3-BF4B-00C04F79EFBC}") = "Presentation.Reports.Forms", "Presentation.Reports.Forms\Presentation.Reports.Forms.csproj", "{CC820E50-5DA7-4C9B-8482-49CEA931EDFF}"
EndProject
Project("{FAE04EC0-301F-11D3-BF4B-00C04F79EFBC}") = "Presentation.Reports.Forms", "Presentation.Reports.Forms.Net45\Presentation.Reports.Forms.csproj", "{A2C6718C-A58E-417F-9047-80BDC05E125E}"
EndProject
Global
	GlobalSection(SolutionConfigurationPlatforms) = preSolution
		Debug|Any CPU = Debug|Any CPU
		Release|Any CPU = Release|Any CPU
	EndGlobalSection
	GlobalSection(ProjectConfigurationPlatforms) = postSolution
		{25AB6BBF-A879-4570-9E0E-947D52AE7333}.Debug|Any CPU.ActiveCfg = Debug|Any CPU
		{25AB6BBF-A879-4570-9E0E-947D52AE7333}.Debug|Any CPU.Build.0 = Debug|Any CPU
		{25AB6BBF-A879-4570-9E0E-947D52AE7333}.Release|Any CPU.ActiveCfg = Release|Any CPU
		{25AB6BBF-A879-4570-9E0E-947D52AE7333}.Release|Any CPU.Build.0 = Release|Any CPU
		{18F0A51D-255E-4845-A724-B676D5FBBFBC}.Debug|Any CPU.ActiveCfg = Debug|Any CPU
		{18F0A51D-255E-4845-A724-B676D5FBBFBC}.Debug|Any CPU.Build.0 = Debug|Any CPU
		{18F0A51D-255E-4845-A724-B676D5FBBFBC}.Release|Any CPU.ActiveCfg = Release|Any CPU
		{18F0A51D-255E-4845-A724-B676D5FBBFBC}.Release|Any CPU.Build.0 = Release|Any CPU
		{4AC6FA64-1C7E-4648-BE3F-592DC9567401}.Debug|Any CPU.ActiveCfg = Debug|Any CPU
		{4AC6FA64-1C7E-4648-BE3F-592DC9567401}.Debug|Any CPU.Build.0 = Debug|Any CPU
		{4AC6FA64-1C7E-4648-BE3F-592DC9567401}.Release|Any CPU.ActiveCfg = Release|Any CPU
		{4AC6FA64-1C7E-4648-BE3F-592DC9567401}.Release|Any CPU.Build.0 = Release|Any CPU
		{8E95A50B-545E-4092-94E3-7638D4C8A4F7}.Debug|Any CPU.ActiveCfg = Debug|Any CPU
		{8E95A50B-545E-4092-94E3-7638D4C8A4F7}.Debug|Any CPU.Build.0 = Debug|Any CPU
		{8E95A50B-545E-4092-94E3-7638D4C8A4F7}.Release|Any CPU.ActiveCfg = Release|Any CPU
		{8E95A50B-545E-4092-94E3-7638D4C8A4F7}.Release|Any CPU.Build.0 = Release|Any CPU
		{44448EE1-AE0E-4610-A6BE-208EB7FBCFFB}.Debug|Any CPU.ActiveCfg = Debug|Any CPU
		{44448EE1-AE0E-4610-A6BE-208EB7FBCFFB}.Debug|Any CPU.Build.0 = Debug|Any CPU
		{44448EE1-AE0E-4610-A6BE-208EB7FBCFFB}.Release|Any CPU.ActiveCfg = Release|Any CPU
		{44448EE1-AE0E-4610-A6BE-208EB7FBCFFB}.Release|Any CPU.Build.0 = Release|Any CPU
		{F3E05D2E-3F45-458C-BD16-A7878B32C4B0}.Debug|Any CPU.ActiveCfg = Debug|Any CPU
		{F3E05D2E-3F45-458C-BD16-A7878B32C4B0}.Debug|Any CPU.Build.0 = Debug|Any CPU
		{F3E05D2E-3F45-458C-BD16-A7878B32C4B0}.Release|Any CPU.ActiveCfg = Release|Any CPU
		{F3E05D2E-3F45-458C-BD16-A7878B32C4B0}.Release|Any CPU.Build.0 = Release|Any CPU
		{D544E494-3925-4180-A4A8-26801118D527}.Debug|Any CPU.ActiveCfg = Debug|Any CPU
		{D544E494-3925-4180-A4A8-26801118D527}.Debug|Any CPU.Build.0 = Debug|Any CPU
		{D544E494-3925-4180-A4A8-26801118D527}.Release|Any CPU.ActiveCfg = Release|Any CPU
		{D544E494-3925-4180-A4A8-26801118D527}.Release|Any CPU.Build.0 = Release|Any CPU
		{AED11B6C-B7D8-48F8-B19F-DA6B8D72D89F}.Debug|Any CPU.ActiveCfg = Debug|Any CPU
		{AED11B6C-B7D8-48F8-B19F-DA6B8D72D89F}.Debug|Any CPU.Build.0 = Debug|Any CPU
		{AED11B6C-B7D8-48F8-B19F-DA6B8D72D89F}.Release|Any CPU.ActiveCfg = Release|Any CPU
		{AED11B6C-B7D8-48F8-B19F-DA6B8D72D89F}.Release|Any CPU.Build.0 = Release|Any CPU
		{3441E7A2-F6D5-4E34-ABD6-86B131105C29}.Debug|Any CPU.ActiveCfg = Debug|Any CPU
		{3441E7A2-F6D5-4E34-ABD6-86B131105C29}.Debug|Any CPU.Build.0 = Debug|Any CPU
		{3441E7A2-F6D5-4E34-ABD6-86B131105C29}.Release|Any CPU.ActiveCfg = Release|Any CPU
		{3441E7A2-F6D5-4E34-ABD6-86B131105C29}.Release|Any CPU.Build.0 = Release|Any CPU
		{EE7DA415-99ED-4E8A-B129-BE09F40ACB83}.Debug|Any CPU.ActiveCfg = Debug|Any CPU
		{EE7DA415-99ED-4E8A-B129-BE09F40ACB83}.Debug|Any CPU.Build.0 = Debug|Any CPU
		{EE7DA415-99ED-4E8A-B129-BE09F40ACB83}.Release|Any CPU.ActiveCfg = Release|Any CPU
		{EE7DA415-99ED-4E8A-B129-BE09F40ACB83}.Release|Any CPU.Build.0 = Release|Any CPU
		{8A7C7FBF-A028-4D54-8E92-6D8C4FC3A2FB}.Debug|Any CPU.ActiveCfg = Debug|Any CPU
		{8A7C7FBF-A028-4D54-8E92-6D8C4FC3A2FB}.Debug|Any CPU.Build.0 = Debug|Any CPU
		{8A7C7FBF-A028-4D54-8E92-6D8C4FC3A2FB}.Release|Any CPU.ActiveCfg = Release|Any CPU
		{8A7C7FBF-A028-4D54-8E92-6D8C4FC3A2FB}.Release|Any CPU.Build.0 = Release|Any CPU
		{C4C6EA21-5740-42F0-990B-BE703B1F8B66}.Debug|Any CPU.ActiveCfg = Debug|Any CPU
		{C4C6EA21-5740-42F0-990B-BE703B1F8B66}.Debug|Any CPU.Build.0 = Debug|Any CPU
		{C4C6EA21-5740-42F0-990B-BE703B1F8B66}.Release|Any CPU.ActiveCfg = Release|Any CPU
		{C4C6EA21-5740-42F0-990B-BE703B1F8B66}.Release|Any CPU.Build.0 = Release|Any CPU
		{A57D24E5-511A-4DB2-944E-FC9D7AA01B67}.Debug|Any CPU.ActiveCfg = Debug|Any CPU
		{A57D24E5-511A-4DB2-944E-FC9D7AA01B67}.Debug|Any CPU.Build.0 = Debug|Any CPU
		{A57D24E5-511A-4DB2-944E-FC9D7AA01B67}.Release|Any CPU.ActiveCfg = Release|Any CPU
		{A57D24E5-511A-4DB2-944E-FC9D7AA01B67}.Release|Any CPU.Build.0 = Release|Any CPU
		{62521597-3B37-4CF9-80E4-1F2728D86F4B}.Debug|Any CPU.ActiveCfg = Debug|Any CPU
		{62521597-3B37-4CF9-80E4-1F2728D86F4B}.Debug|Any CPU.Build.0 = Debug|Any CPU
		{62521597-3B37-4CF9-80E4-1F2728D86F4B}.Release|Any CPU.ActiveCfg = Release|Any CPU
		{62521597-3B37-4CF9-80E4-1F2728D86F4B}.Release|Any CPU.Build.0 = Release|Any CPU
		{A2C87538-0A4A-48F7-8728-9897C0CC015F}.Debug|Any CPU.ActiveCfg = Debug|Any CPU
		{A2C87538-0A4A-48F7-8728-9897C0CC015F}.Debug|Any CPU.Build.0 = Debug|Any CPU
		{A2C87538-0A4A-48F7-8728-9897C0CC015F}.Release|Any CPU.ActiveCfg = Release|Any CPU
		{A2C87538-0A4A-48F7-8728-9897C0CC015F}.Release|Any CPU.Build.0 = Release|Any CPU
		{C1A77ACD-FF1E-4287-A246-D2BEC4A5CAF7}.Debug|Any CPU.ActiveCfg = Debug|Any CPU
		{C1A77ACD-FF1E-4287-A246-D2BEC4A5CAF7}.Debug|Any CPU.Build.0 = Debug|Any CPU
		{C1A77ACD-FF1E-4287-A246-D2BEC4A5CAF7}.Release|Any CPU.ActiveCfg = Release|Any CPU
		{C1A77ACD-FF1E-4287-A246-D2BEC4A5CAF7}.Release|Any CPU.Build.0 = Release|Any CPU
		{B0BC9452-381F-4BF7-8E3C-382635A14187}.Debug|Any CPU.ActiveCfg = Debug|Any CPU
		{B0BC9452-381F-4BF7-8E3C-382635A14187}.Debug|Any CPU.Build.0 = Debug|Any CPU
		{B0BC9452-381F-4BF7-8E3C-382635A14187}.Release|Any CPU.ActiveCfg = Release|Any CPU
		{B0BC9452-381F-4BF7-8E3C-382635A14187}.Release|Any CPU.Build.0 = Release|Any CPU
		{F141C367-11E3-4E5F-A089-95173B4029D3}.Debug|Any CPU.ActiveCfg = Debug|Any CPU
		{F141C367-11E3-4E5F-A089-95173B4029D3}.Debug|Any CPU.Build.0 = Debug|Any CPU
		{F141C367-11E3-4E5F-A089-95173B4029D3}.Release|Any CPU.ActiveCfg = Release|Any CPU
		{F141C367-11E3-4E5F-A089-95173B4029D3}.Release|Any CPU.Build.0 = Release|Any CPU
		{C8D8ADA5-5C79-429A-9000-08018BDB4EC5}.Debug|Any CPU.ActiveCfg = Debug|Any CPU
		{C8D8ADA5-5C79-429A-9000-08018BDB4EC5}.Debug|Any CPU.Build.0 = Debug|Any CPU
		{C8D8ADA5-5C79-429A-9000-08018BDB4EC5}.Release|Any CPU.ActiveCfg = Release|Any CPU
		{C8D8ADA5-5C79-429A-9000-08018BDB4EC5}.Release|Any CPU.Build.0 = Release|Any CPU
		{3E47685A-B432-4E64-A78C-212A46502083}.Debug|Any CPU.ActiveCfg = Debug|Any CPU
		{3E47685A-B432-4E64-A78C-212A46502083}.Debug|Any CPU.Build.0 = Debug|Any CPU
		{3E47685A-B432-4E64-A78C-212A46502083}.Release|Any CPU.ActiveCfg = Release|Any CPU
		{3E47685A-B432-4E64-A78C-212A46502083}.Release|Any CPU.Build.0 = Release|Any CPU
		{1E1A1127-1ECC-4A97-8D28-6DF0139436B1}.Debug|Any CPU.ActiveCfg = Debug|Any CPU
		{1E1A1127-1ECC-4A97-8D28-6DF0139436B1}.Debug|Any CPU.Build.0 = Debug|Any CPU
		{1E1A1127-1ECC-4A97-8D28-6DF0139436B1}.Release|Any CPU.ActiveCfg = Release|Any CPU
		{1E1A1127-1ECC-4A97-8D28-6DF0139436B1}.Release|Any CPU.Build.0 = Release|Any CPU
		{4FC3D191-70EB-46D4-B471-C550DA3B842A}.Debug|Any CPU.ActiveCfg = Debug|Any CPU
		{4FC3D191-70EB-46D4-B471-C550DA3B842A}.Debug|Any CPU.Build.0 = Debug|Any CPU
		{4FC3D191-70EB-46D4-B471-C550DA3B842A}.Release|Any CPU.ActiveCfg = Release|Any CPU
		{4FC3D191-70EB-46D4-B471-C550DA3B842A}.Release|Any CPU.Build.0 = Release|Any CPU
		{F8245D33-07F5-4B29-80E0-99AD7CC9BCB2}.Debug|Any CPU.ActiveCfg = Debug|Any CPU
		{F8245D33-07F5-4B29-80E0-99AD7CC9BCB2}.Debug|Any CPU.Build.0 = Debug|Any CPU
		{F8245D33-07F5-4B29-80E0-99AD7CC9BCB2}.Release|Any CPU.ActiveCfg = Release|Any CPU
		{F8245D33-07F5-4B29-80E0-99AD7CC9BCB2}.Release|Any CPU.Build.0 = Release|Any CPU
		{5654D378-10CA-4AB0-AAF1-F3F72C6202B6}.Debug|Any CPU.ActiveCfg = Debug|Any CPU
		{5654D378-10CA-4AB0-AAF1-F3F72C6202B6}.Debug|Any CPU.Build.0 = Debug|Any CPU
		{5654D378-10CA-4AB0-AAF1-F3F72C6202B6}.Release|Any CPU.ActiveCfg = Release|Any CPU
		{5654D378-10CA-4AB0-AAF1-F3F72C6202B6}.Release|Any CPU.Build.0 = Release|Any CPU
		{2D856692-23F9-4ED5-93B4-90553C427106}.Debug|Any CPU.ActiveCfg = Debug|Any CPU
		{2D856692-23F9-4ED5-93B4-90553C427106}.Debug|Any CPU.Build.0 = Debug|Any CPU
		{2D856692-23F9-4ED5-93B4-90553C427106}.Release|Any CPU.ActiveCfg = Release|Any CPU
		{2D856692-23F9-4ED5-93B4-90553C427106}.Release|Any CPU.Build.0 = Release|Any CPU
		{86ACD209-C899-4130-AD42-E7934A8F3640}.Debug|Any CPU.ActiveCfg = Debug|Any CPU
		{86ACD209-C899-4130-AD42-E7934A8F3640}.Debug|Any CPU.Build.0 = Debug|Any CPU
		{86ACD209-C899-4130-AD42-E7934A8F3640}.Release|Any CPU.ActiveCfg = Release|Any CPU
		{86ACD209-C899-4130-AD42-E7934A8F3640}.Release|Any CPU.Build.0 = Release|Any CPU
		{85A3186A-2416-4756-9DD4-CB21F1A5C2B3}.Debug|Any CPU.ActiveCfg = Debug|Any CPU
		{85A3186A-2416-4756-9DD4-CB21F1A5C2B3}.Debug|Any CPU.Build.0 = Debug|Any CPU
		{85A3186A-2416-4756-9DD4-CB21F1A5C2B3}.Release|Any CPU.ActiveCfg = Release|Any CPU
		{85A3186A-2416-4756-9DD4-CB21F1A5C2B3}.Release|Any CPU.Build.0 = Release|Any CPU
		{5C339DA7-40C7-44BE-A1B6-3FD15C0754C4}.Debug|Any CPU.ActiveCfg = Debug|Any CPU
		{5C339DA7-40C7-44BE-A1B6-3FD15C0754C4}.Debug|Any CPU.Build.0 = Debug|Any CPU
		{5C339DA7-40C7-44BE-A1B6-3FD15C0754C4}.Release|Any CPU.ActiveCfg = Release|Any CPU
		{5C339DA7-40C7-44BE-A1B6-3FD15C0754C4}.Release|Any CPU.Build.0 = Release|Any CPU
		{2C74EC71-EE9A-4B3C-8DD9-ADE8A3D0A0C2}.Debug|Any CPU.ActiveCfg = Debug|Any CPU
		{2C74EC71-EE9A-4B3C-8DD9-ADE8A3D0A0C2}.Debug|Any CPU.Build.0 = Debug|Any CPU
		{2C74EC71-EE9A-4B3C-8DD9-ADE8A3D0A0C2}.Release|Any CPU.ActiveCfg = Release|Any CPU
		{2C74EC71-EE9A-4B3C-8DD9-ADE8A3D0A0C2}.Release|Any CPU.Build.0 = Release|Any CPU
		{E350DF58-553B-4971-BD39-34DBC903B501}.Debug|Any CPU.ActiveCfg = Debug|Any CPU
		{E350DF58-553B-4971-BD39-34DBC903B501}.Debug|Any CPU.Build.0 = Debug|Any CPU
		{E350DF58-553B-4971-BD39-34DBC903B501}.Release|Any CPU.ActiveCfg = Release|Any CPU
		{E350DF58-553B-4971-BD39-34DBC903B501}.Release|Any CPU.Build.0 = Release|Any CPU
		{33EB7E76-C39F-47C9-B8A4-45047065F460}.Debug|Any CPU.ActiveCfg = Debug|Any CPU
		{33EB7E76-C39F-47C9-B8A4-45047065F460}.Debug|Any CPU.Build.0 = Debug|Any CPU
		{33EB7E76-C39F-47C9-B8A4-45047065F460}.Release|Any CPU.ActiveCfg = Release|Any CPU
		{33EB7E76-C39F-47C9-B8A4-45047065F460}.Release|Any CPU.Build.0 = Release|Any CPU
		{964C21CA-1249-4576-83B0-D3D6B6A4FE23}.Debug|Any CPU.ActiveCfg = Debug|Any CPU
		{964C21CA-1249-4576-83B0-D3D6B6A4FE23}.Debug|Any CPU.Build.0 = Debug|Any CPU
		{964C21CA-1249-4576-83B0-D3D6B6A4FE23}.Release|Any CPU.ActiveCfg = Release|Any CPU
		{964C21CA-1249-4576-83B0-D3D6B6A4FE23}.Release|Any CPU.Build.0 = Release|Any CPU
		{9C79F916-61FA-4811-9264-A109B865CBA7}.Debug|Any CPU.ActiveCfg = Debug|Any CPU
		{9C79F916-61FA-4811-9264-A109B865CBA7}.Debug|Any CPU.Build.0 = Debug|Any CPU
		{9C79F916-61FA-4811-9264-A109B865CBA7}.Release|Any CPU.ActiveCfg = Release|Any CPU
		{9C79F916-61FA-4811-9264-A109B865CBA7}.Release|Any CPU.Build.0 = Release|Any CPU
		{1256D57E-5D7A-40E4-B935-B60138E03518}.Debug|Any CPU.ActiveCfg = Debug|Any CPU
		{1256D57E-5D7A-40E4-B935-B60138E03518}.Debug|Any CPU.Build.0 = Debug|Any CPU
		{1256D57E-5D7A-40E4-B935-B60138E03518}.Release|Any CPU.ActiveCfg = Release|Any CPU
		{1256D57E-5D7A-40E4-B935-B60138E03518}.Release|Any CPU.Build.0 = Release|Any CPU
		{3CECF307-6681-460F-870C-AE75ADD010B8}.Debug|Any CPU.ActiveCfg = Debug|Any CPU
		{3CECF307-6681-460F-870C-AE75ADD010B8}.Debug|Any CPU.Build.0 = Debug|Any CPU
		{3CECF307-6681-460F-870C-AE75ADD010B8}.Release|Any CPU.ActiveCfg = Release|Any CPU
		{3CECF307-6681-460F-870C-AE75ADD010B8}.Release|Any CPU.Build.0 = Release|Any CPU
		{62104A7A-35E6-4CD6-A9F8-A79807FF9B4D}.Debug|Any CPU.ActiveCfg = Debug|Any CPU
		{62104A7A-35E6-4CD6-A9F8-A79807FF9B4D}.Debug|Any CPU.Build.0 = Debug|Any CPU
		{62104A7A-35E6-4CD6-A9F8-A79807FF9B4D}.Release|Any CPU.ActiveCfg = Release|Any CPU
		{62104A7A-35E6-4CD6-A9F8-A79807FF9B4D}.Release|Any CPU.Build.0 = Release|Any CPU
		{CC820E50-5DA7-4C9B-8482-49CEA931EDFF}.Debug|Any CPU.ActiveCfg = Debug|Any CPU
		{CC820E50-5DA7-4C9B-8482-49CEA931EDFF}.Debug|Any CPU.Build.0 = Debug|Any CPU
		{CC820E50-5DA7-4C9B-8482-49CEA931EDFF}.Release|Any CPU.ActiveCfg = Release|Any CPU
		{CC820E50-5DA7-4C9B-8482-49CEA931EDFF}.Release|Any CPU.Build.0 = Release|Any CPU
		{A2C6718C-A58E-417F-9047-80BDC05E125E}.Debug|Any CPU.ActiveCfg = Debug|Any CPU
		{A2C6718C-A58E-417F-9047-80BDC05E125E}.Debug|Any CPU.Build.0 = Debug|Any CPU
		{A2C6718C-A58E-417F-9047-80BDC05E125E}.Release|Any CPU.ActiveCfg = Release|Any CPU
		{A2C6718C-A58E-417F-9047-80BDC05E125E}.Release|Any CPU.Build.0 = Release|Any CPU
	EndGlobalSection
	GlobalSection(SolutionProperties) = preSolution
		HideSolutionNode = FALSE
	EndGlobalSection
	GlobalSection(NestedProjects) = preSolution
		{25AB6BBF-A879-4570-9E0E-947D52AE7333} = {C6297CDA-49E4-4C9B-8C6A-CDD6633ED33F}
		{18F0A51D-255E-4845-A724-B676D5FBBFBC} = {0897EA21-1224-4433-AD2D-030419B8BED7}
		{4AC6FA64-1C7E-4648-BE3F-592DC9567401} = {C6297CDA-49E4-4C9B-8C6A-CDD6633ED33F}
		{8E95A50B-545E-4092-94E3-7638D4C8A4F7} = {C6297CDA-49E4-4C9B-8C6A-CDD6633ED33F}
		{44448EE1-AE0E-4610-A6BE-208EB7FBCFFB} = {0897EA21-1224-4433-AD2D-030419B8BED7}
		{F3E05D2E-3F45-458C-BD16-A7878B32C4B0} = {C6297CDA-49E4-4C9B-8C6A-CDD6633ED33F}
		{D544E494-3925-4180-A4A8-26801118D527} = {C6297CDA-49E4-4C9B-8C6A-CDD6633ED33F}
		{AED11B6C-B7D8-48F8-B19F-DA6B8D72D89F} = {C6297CDA-49E4-4C9B-8C6A-CDD6633ED33F}
		{3441E7A2-F6D5-4E34-ABD6-86B131105C29} = {C6297CDA-49E4-4C9B-8C6A-CDD6633ED33F}
		{EE7DA415-99ED-4E8A-B129-BE09F40ACB83} = {C6297CDA-49E4-4C9B-8C6A-CDD6633ED33F}
		{8A7C7FBF-A028-4D54-8E92-6D8C4FC3A2FB} = {C6297CDA-49E4-4C9B-8C6A-CDD6633ED33F}
		{C4C6EA21-5740-42F0-990B-BE703B1F8B66} = {0897EA21-1224-4433-AD2D-030419B8BED7}
		{438EDCA0-3C84-4A67-903C-BC1E306C227D} = {E9E411D7-1044-4839-A1D4-59C45956314A}
		{A57D24E5-511A-4DB2-944E-FC9D7AA01B67} = {C6297CDA-49E4-4C9B-8C6A-CDD6633ED33F}
		{62521597-3B37-4CF9-80E4-1F2728D86F4B} = {0897EA21-1224-4433-AD2D-030419B8BED7}
		{A2C87538-0A4A-48F7-8728-9897C0CC015F} = {C6297CDA-49E4-4C9B-8C6A-CDD6633ED33F}
		{C1A77ACD-FF1E-4287-A246-D2BEC4A5CAF7} = {C6297CDA-49E4-4C9B-8C6A-CDD6633ED33F}
		{989FFC57-46D2-4C73-BFA9-97EBFFA1960B} = {E2558961-1D89-4AC7-840E-F57D987E8173}
		{0897EA21-1224-4433-AD2D-030419B8BED7} = {E2558961-1D89-4AC7-840E-F57D987E8173}
		{B0BC9452-381F-4BF7-8E3C-382635A14187} = {989FFC57-46D2-4C73-BFA9-97EBFFA1960B}
		{F141C367-11E3-4E5F-A089-95173B4029D3} = {989FFC57-46D2-4C73-BFA9-97EBFFA1960B}
		{C8D8ADA5-5C79-429A-9000-08018BDB4EC5} = {989FFC57-46D2-4C73-BFA9-97EBFFA1960B}
		{3E47685A-B432-4E64-A78C-212A46502083} = {989FFC57-46D2-4C73-BFA9-97EBFFA1960B}
		{1E1A1127-1ECC-4A97-8D28-6DF0139436B1} = {989FFC57-46D2-4C73-BFA9-97EBFFA1960B}
		{4FC3D191-70EB-46D4-B471-C550DA3B842A} = {0897EA21-1224-4433-AD2D-030419B8BED7}
		{F8245D33-07F5-4B29-80E0-99AD7CC9BCB2} = {C6297CDA-49E4-4C9B-8C6A-CDD6633ED33F}
		{70671A51-61FB-4AA2-9D80-8C68A5B934ED} = {E9E411D7-1044-4839-A1D4-59C45956314A}
		{C6297CDA-49E4-4C9B-8C6A-CDD6633ED33F} = {39AACD32-F123-4B20-B8E8-6CF49D37C6C2}
		{7F317395-1540-44B5-98F4-2132D346D129} = {39AACD32-F123-4B20-B8E8-6CF49D37C6C2}
		{5654D378-10CA-4AB0-AAF1-F3F72C6202B6} = {7F317395-1540-44B5-98F4-2132D346D129}
		{2D856692-23F9-4ED5-93B4-90553C427106} = {7F317395-1540-44B5-98F4-2132D346D129}
		{86ACD209-C899-4130-AD42-E7934A8F3640} = {7F317395-1540-44B5-98F4-2132D346D129}
		{85A3186A-2416-4756-9DD4-CB21F1A5C2B3} = {7F317395-1540-44B5-98F4-2132D346D129}
		{5C339DA7-40C7-44BE-A1B6-3FD15C0754C4} = {7F317395-1540-44B5-98F4-2132D346D129}
		{2C74EC71-EE9A-4B3C-8DD9-ADE8A3D0A0C2} = {7F317395-1540-44B5-98F4-2132D346D129}
		{E350DF58-553B-4971-BD39-34DBC903B501} = {7F317395-1540-44B5-98F4-2132D346D129}
		{33EB7E76-C39F-47C9-B8A4-45047065F460} = {7F317395-1540-44B5-98F4-2132D346D129}
		{964C21CA-1249-4576-83B0-D3D6B6A4FE23} = {7F317395-1540-44B5-98F4-2132D346D129}
		{9C79F916-61FA-4811-9264-A109B865CBA7} = {7F317395-1540-44B5-98F4-2132D346D129}
		{1256D57E-5D7A-40E4-B935-B60138E03518} = {7F317395-1540-44B5-98F4-2132D346D129}
		{3CECF307-6681-460F-870C-AE75ADD010B8} = {7F317395-1540-44B5-98F4-2132D346D129}
		{62104A7A-35E6-4CD6-A9F8-A79807FF9B4D} = {7F317395-1540-44B5-98F4-2132D346D129}
		{CC820E50-5DA7-4C9B-8482-49CEA931EDFF} = {C6297CDA-49E4-4C9B-8C6A-CDD6633ED33F}
		{A2C6718C-A58E-417F-9047-80BDC05E125E} = {7F317395-1540-44B5-98F4-2132D346D129}
	EndGlobalSection
	GlobalSection(ExtensibilityGlobals) = postSolution
		SolutionGuid = {7EA34FD7-B2A4-4717-8FFD-337069CCE0F8}
		BuildVersion_AssemblyInfoFilename = .files\AssemblyInfo.Version.cs
		BuildVersion_StartDate = 2016/1/1
		BuildVersion_UpdateAssemblyVersion = True
		BuildVersion_BuildVersioningStyle = None.None.None.Increment
	EndGlobalSection
	GlobalSection(AutomaticVersions) = postSolution
		AssemblyInfoFilePath.Release|Any CPU = D:\Developments\GitHub\platform\.files\AssemblyInfo.Version.cs
		UpdateAssemblyVersion.Release|Any CPU = True
		UpdateAssemblyFileVersion.Release|Any CPU = True
		UpdateAssemblyInfoVersion.Release|Any CPU = True
		AssemblyVersionSettings.Release|Any CPU = None.None.None.Increment
		AssemblyFileVersionSettings.Release|Any CPU = None.None.None.Increment
		AssemblyInfoVersionSettings.Release|Any CPU = None.None.None.Increment
	EndGlobalSection
EndGlobal
